// !$*UTF8*$!
{
	archiveVersion = 1;
	classes = {
	};
	objectVersion = 46;
	objects = {

/* Begin PBXBuildFile section */
		431F17C61826432A006FCF12 /* Foundation.framework in Frameworks */ = {isa = PBXBuildFile; fileRef = 431F17C51826432A006FCF12 /* Foundation.framework */; };
		431F17C81826432A006FCF12 /* CoreGraphics.framework in Frameworks */ = {isa = PBXBuildFile; fileRef = 431F17C71826432A006FCF12 /* CoreGraphics.framework */; };
		431F17D01826432A006FCF12 /* InfoPlist.strings in Resources */ = {isa = PBXBuildFile; fileRef = 431F17CE1826432A006FCF12 /* InfoPlist.strings */; };
		431F17D21826432A006FCF12 /* main.m in Sources */ = {isa = PBXBuildFile; fileRef = 431F17D11826432A006FCF12 /* main.m */; };
		431F17D61826432A006FCF12 /* TNAppDelegate.m in Sources */ = {isa = PBXBuildFile; fileRef = 431F17D51826432A006FCF12 /* TNAppDelegate.m */; };
		431F17DC1826432A006FCF12 /* TNViewController.m in Sources */ = {isa = PBXBuildFile; fileRef = 431F17DB1826432A006FCF12 /* TNViewController.m */; };
		431F17FE18264507006FCF12 /* main.m in Sources */ = {isa = PBXBuildFile; fileRef = 431F17D11826432A006FCF12 /* main.m */; };
		431F183F18265125006FCF12 /* InfoPlist.strings in Copy Files (assets) */ = {isa = PBXBuildFile; fileRef = 431F17CE1826432A006FCF12 /* InfoPlist.strings */; };
		432077E1185313EA00166514 /* QuartzCore.framework in Frameworks */ = {isa = PBXBuildFile; fileRef = 432077E0185313EA00166514 /* QuartzCore.framework */; };
		4336783B18F2904D00F1D556 /* TNSecondViewController.m in Sources */ = {isa = PBXBuildFile; fileRef = 4336783918F28FB300F1D556 /* TNSecondViewController.m */; };
		438406301881571F000D092C /* CoreText.framework in Frameworks */ = {isa = PBXBuildFile; fileRef = 4384062F1881571F000D092C /* CoreText.framework */; };
		4384064918816CA4000D092C /* CoreGraphics.framework in Frameworks */ = {isa = PBXBuildFile; fileRef = 431F17C71826432A006FCF12 /* CoreGraphics.framework */; };
		43B6B6501913A244005D09ED /* libNextBookKit.so in Copy Files (libs) */ = {isa = PBXBuildFile; fileRef = 43B6B64F1913A237005D09ED /* libNextBookKit.so */; };
		43C2010618ED4AFC00490D59 /* MainHActivity.java in Sources */ = {isa = PBXBuildFile; fileRef = 43C2010518ED4AFC00490D59 /* MainHActivity.java */; };
		43C2010818ED4B0400490D59 /* AndroidManifest.xml in Resources */ = {isa = PBXBuildFile; fileRef = 43C2010718ED4B0400490D59 /* AndroidManifest.xml */; };
		43C2010A18ED4B1600490D59 /* Android.mk in Resources */ = {isa = PBXBuildFile; fileRef = 43C2010918ED4B1600490D59 /* Android.mk */; };
		43C2011518ED528100490D59 /* NextBookKit.framework in Frameworks */ = {isa = PBXBuildFile; fileRef = 43C2011418ED528100490D59 /* NextBookKit.framework */; };
		43EBAA7518AB5573005DDD8D /* TNViewController.m in Sources */ = {isa = PBXBuildFile; fileRef = 431F17DB1826432A006FCF12 /* TNViewController.m */; };
		43ECCF051851936B0076535C /* UIKit.framework in Frameworks */ = {isa = PBXBuildFile; fileRef = 431F17C91826432A006FCF12 /* UIKit.framework */; };
		43ECCF0B1851B50A0076535C /* TNAppDelegate.m in Sources */ = {isa = PBXBuildFile; fileRef = 431F17D51826432A006FCF12 /* TNAppDelegate.m */; };
/* End PBXBuildFile section */

/* Begin PBXCopyFilesBuildPhase section */
		431F1838182650B5006FCF12 /* Copy Files (assets) */ = {
			isa = PBXCopyFilesBuildPhase;
			buildActionMask = 2147483647;
			dstPath = "$(SOURCE_ROOT)/$(PRODUCT_NAME)-android/assets/Resources";
			dstSubfolderSpec = 0;
			files = (
				431F183F18265125006FCF12 /* InfoPlist.strings in Copy Files (assets) */,
			);
			name = "Copy Files (assets)";
			runOnlyForDeploymentPostprocessing = 0;
		};
		431F1839182650D4006FCF12 /* Copy Files (libs) */ = {
			isa = PBXCopyFilesBuildPhase;
			buildActionMask = 2147483647;
			dstPath = "";
			dstSubfolderSpec = 6;
			files = (
				43B6B6501913A244005D09ED /* libNextBookKit.so in Copy Files (libs) */,
			);
			name = "Copy Files (libs)";
			runOnlyForDeploymentPostprocessing = 0;
		};
/* End PBXCopyFilesBuildPhase section */

/* Begin PBXFileReference section */
		43013A4E1922752E00EC5B20 /* Android.xcconfig */ = {isa = PBXFileReference; lastKnownFileType = text.xcconfig; path = Android.xcconfig; sourceTree = "<group>"; };
		431F17C21826432A006FCF12 /* NextBookRun.app */ = {isa = PBXFileReference; explicitFileType = wrapper.application; includeInIndex = 0; path = NextBookRun.app; sourceTree = BUILT_PRODUCTS_DIR; };
		431F17C51826432A006FCF12 /* Foundation.framework */ = {isa = PBXFileReference; lastKnownFileType = wrapper.framework; name = Foundation.framework; path = System/Library/Frameworks/Foundation.framework; sourceTree = SDKROOT; };
		431F17C71826432A006FCF12 /* CoreGraphics.framework */ = {isa = PBXFileReference; lastKnownFileType = wrapper.framework; name = CoreGraphics.framework; path = System/Library/Frameworks/CoreGraphics.framework; sourceTree = SDKROOT; };
		431F17C91826432A006FCF12 /* UIKit.framework */ = {isa = PBXFileReference; lastKnownFileType = wrapper.framework; name = UIKit.framework; path = System/Library/Frameworks/UIKit.framework; sourceTree = SDKROOT; };
		431F17CD1826432A006FCF12 /* Basic-Info.plist */ = {isa = PBXFileReference; lastKnownFileType = text.plist.xml; path = "Basic-Info.plist"; sourceTree = "<group>"; };
		431F17CF1826432A006FCF12 /* en */ = {isa = PBXFileReference; lastKnownFileType = text.plist.strings; name = en; path = en.lproj/InfoPlist.strings; sourceTree = "<group>"; };
		431F17D11826432A006FCF12 /* main.m */ = {isa = PBXFileReference; lastKnownFileType = sourcecode.c.objc; path = main.m; sourceTree = "<group>"; };
		431F17D31826432A006FCF12 /* Basic-Prefix.pch */ = {isa = PBXFileReference; lastKnownFileType = sourcecode.c.h; path = "Basic-Prefix.pch"; sourceTree = "<group>"; };
		431F17D41826432A006FCF12 /* TNAppDelegate.h */ = {isa = PBXFileReference; lastKnownFileType = sourcecode.c.h; path = TNAppDelegate.h; sourceTree = "<group>"; };
		431F17D51826432A006FCF12 /* TNAppDelegate.m */ = {isa = PBXFileReference; lastKnownFileType = sourcecode.c.objc; path = TNAppDelegate.m; sourceTree = "<group>"; };
		431F17DA1826432A006FCF12 /* TNViewController.h */ = {isa = PBXFileReference; lastKnownFileType = sourcecode.c.h; path = TNViewController.h; sourceTree = "<group>"; };
		431F17DB1826432A006FCF12 /* TNViewController.m */ = {isa = PBXFileReference; lastKnownFileType = sourcecode.c.objc; path = TNViewController.m; sourceTree = "<group>"; };
		431F17E41826432A006FCF12 /* XCTest.framework */ = {isa = PBXFileReference; lastKnownFileType = wrapper.framework; name = XCTest.framework; path = Library/Frameworks/XCTest.framework; sourceTree = DEVELOPER_DIR; };
		431F180818264507006FCF12 /* libNextBookRun.so */ = {isa = PBXFileReference; explicitFileType = "compiled.mach-o.dylib"; includeInIndex = 0; path = libNextBookRun.so; sourceTree = BUILT_PRODUCTS_DIR; };
		431F184018265403006FCF12 /* android-main.m */ = {isa = PBXFileReference; fileEncoding = 4; lastKnownFileType = sourcecode.c.objc; name = "android-main.m"; path = "../../../../Development/SyoujoSDK/android/share/android/jni/android-main.m"; sourceTree = "<group>"; };
		432077E0185313EA00166514 /* QuartzCore.framework */ = {isa = PBXFileReference; lastKnownFileType = wrapper.framework; name = QuartzCore.framework; path = System/Library/Frameworks/QuartzCore.framework; sourceTree = SDKROOT; };
		4336783818F28FB300F1D556 /* TNSecondViewController.h */ = {isa = PBXFileReference; fileEncoding = 4; lastKnownFileType = sourcecode.c.h; path = TNSecondViewController.h; sourceTree = "<group>"; };
		4336783918F28FB300F1D556 /* TNSecondViewController.m */ = {isa = PBXFileReference; fileEncoding = 4; lastKnownFileType = sourcecode.c.objc; path = TNSecondViewController.m; sourceTree = "<group>"; };
		4384062F1881571F000D092C /* CoreText.framework */ = {isa = PBXFileReference; lastKnownFileType = wrapper.framework; name = CoreText.framework; path = System/Library/Frameworks/CoreText.framework; sourceTree = SDKROOT; };
		43B6B64F1913A237005D09ED /* libNextBookKit.so */ = {isa = PBXFileReference; lastKnownFileType = "compiled.mach-o.dylib"; name = libNextBookKit.so; path = "../../../../Library/Developer/Xcode/DerivedData/NextBook-fazhihlfhvtlsefbywpdmafzmkye/Build/Products/Debug/libNextBookKit.so"; sourceTree = "<group>"; };
		43C2010518ED4AFC00490D59 /* MainHActivity.java */ = {isa = PBXFileReference; fileEncoding = 4; lastKnownFileType = sourcecode.java; name = MainHActivity.java; path = "NextBookRun-android/src/org/tiny4/NextBookRun/MainHActivity.java"; sourceTree = "<group>"; };
		43C2010718ED4B0400490D59 /* AndroidManifest.xml */ = {isa = PBXFileReference; fileEncoding = 4; lastKnownFileType = text.xml; name = AndroidManifest.xml; path = "NextBookRun-android/AndroidManifest.xml"; sourceTree = "<group>"; };
		43C2010918ED4B1600490D59 /* Android.mk */ = {isa = PBXFileReference; fileEncoding = 4; lastKnownFileType = text; name = Android.mk; path = "NextBookRun-android/jni/Android.mk"; sourceTree = "<group>"; };
		43C2011418ED528100490D59 /* NextBookKit.framework */ = {isa = PBXFileReference; lastKnownFileType = wrapper.framework; name = NextBookKit.framework; path = Support/NextBookKit.framework; sourceTree = "<group>"; };
		43C2011618ED538100490D59 /* Simple.ibooks */ = {isa = PBXFileReference; lastKnownFileType = file; path = Simple.ibooks; sourceTree = "<group>"; };
/* End PBXFileReference section */

/* Begin PBXFrameworksBuildPhase section */
		431F17BF1826432A006FCF12 /* Frameworks */ = {
			isa = PBXFrameworksBuildPhase;
			buildActionMask = 2147483647;
			files = (
				43C2011518ED528100490D59 /* NextBookKit.framework in Frameworks */,
				431F17C81826432A006FCF12 /* CoreGraphics.framework in Frameworks */,
				431F17C61826432A006FCF12 /* Foundation.framework in Frameworks */,
			);
			runOnlyForDeploymentPostprocessing = 0;
		};
		431F17FF18264507006FCF12 /* Frameworks */ = {
			isa = PBXFrameworksBuildPhase;
			buildActionMask = 2147483647;
			files = (
				4384064918816CA4000D092C /* CoreGraphics.framework in Frameworks */,
				438406301881571F000D092C /* CoreText.framework in Frameworks */,
				432077E1185313EA00166514 /* QuartzCore.framework in Frameworks */,
				43ECCF051851936B0076535C /* UIKit.framework in Frameworks */,
			);
			runOnlyForDeploymentPostprocessing = 0;
		};
/* End PBXFrameworksBuildPhase section */

/* Begin PBXGroup section */
		431F17B91826432A006FCF12 = {
			isa = PBXGroup;
			children = (
				431F17CB1826432A006FCF12 /* Basic */,
				431F17C41826432A006FCF12 /* Frameworks */,
				431F17C31826432A006FCF12 /* Products */,
				431F180A18264528006FCF12 /* SimpleView-Android */,
			);
			sourceTree = "<group>";
		};
		431F17C31826432A006FCF12 /* Products */ = {
			isa = PBXGroup;
			children = (
				431F17C21826432A006FCF12 /* NextBookRun.app */,
				431F180818264507006FCF12 /* libNextBookRun.so */,
			);
			name = Products;
			sourceTree = "<group>";
		};
		431F17C41826432A006FCF12 /* Frameworks */ = {
			isa = PBXGroup;
			children = (
				43C2011418ED528100490D59 /* NextBookKit.framework */,
				4384062F1881571F000D092C /* CoreText.framework */,
				432077E0185313EA00166514 /* QuartzCore.framework */,
				431F17C51826432A006FCF12 /* Foundation.framework */,
				431F17C71826432A006FCF12 /* CoreGraphics.framework */,
				431F17C91826432A006FCF12 /* UIKit.framework */,
				431F17E41826432A006FCF12 /* XCTest.framework */,
			);
			name = Frameworks;
			sourceTree = "<group>";
		};
		431F17CB1826432A006FCF12 /* Basic */ = {
			isa = PBXGroup;
			children = (
				431F17D41826432A006FCF12 /* TNAppDelegate.h */,
				431F17D51826432A006FCF12 /* TNAppDelegate.m */,
				431F17DA1826432A006FCF12 /* TNViewController.h */,
				431F17DB1826432A006FCF12 /* TNViewController.m */,
				4336783818F28FB300F1D556 /* TNSecondViewController.h */,
				4336783918F28FB300F1D556 /* TNSecondViewController.m */,
				431F17CC1826432A006FCF12 /* Supporting Files */,
			);
			path = Basic;
			sourceTree = "<group>";
		};
		431F17CC1826432A006FCF12 /* Supporting Files */ = {
			isa = PBXGroup;
			children = (
				43C2011618ED538100490D59 /* Simple.ibooks */,
				431F17CD1826432A006FCF12 /* Basic-Info.plist */,
				431F17CE1826432A006FCF12 /* InfoPlist.strings */,
				431F17D11826432A006FCF12 /* main.m */,
				431F17D31826432A006FCF12 /* Basic-Prefix.pch */,
			);
			name = "Supporting Files";
			sourceTree = "<group>";
		};
		431F180A18264528006FCF12 /* SimpleView-Android */ = {
			isa = PBXGroup;
			children = (
				43013A4E1922752E00EC5B20 /* Android.xcconfig */,
				43C2010918ED4B1600490D59 /* Android.mk */,
				43C2010718ED4B0400490D59 /* AndroidManifest.xml */,
				43C2010518ED4AFC00490D59 /* MainHActivity.java */,
				431F182718264D96006FCF12 /* Frameworks */,
				431F182818264DA8006FCF12 /* Platform sources */,
			);
			name = "SimpleView-Android";
			sourceTree = "<group>";
		};
		431F182718264D96006FCF12 /* Frameworks */ = {
			isa = PBXGroup;
			children = (
				43B6B64F1913A237005D09ED /* libNextBookKit.so */,
			);
			name = Frameworks;
			sourceTree = "<group>";
		};
		431F182818264DA8006FCF12 /* Platform sources */ = {
			isa = PBXGroup;
			children = (
				431F184018265403006FCF12 /* android-main.m */,
			);
			name = "Platform sources";
			sourceTree = "<group>";
		};
/* End PBXGroup section */

/* Begin PBXNativeTarget section */
		431F17C11826432A006FCF12 /* NextBookRun */ = {
			isa = PBXNativeTarget;
			buildConfigurationList = 431F17F41826432A006FCF12 /* Build configuration list for PBXNativeTarget "NextBookRun" */;
			buildPhases = (
				431F17BE1826432A006FCF12 /* Sources */,
				431F17BF1826432A006FCF12 /* Frameworks */,
				431F17C01826432A006FCF12 /* Resources */,
			);
			buildRules = (
			);
			dependencies = (
			);
			name = NextBookRun;
			productName = SimpleView;
			productReference = 431F17C21826432A006FCF12 /* NextBookRun.app */;
			productType = "com.apple.product-type.application";
		};
		431F17FA18264507006FCF12 /* NextBookRun-Android */ = {
			isa = PBXNativeTarget;
			buildConfigurationList = 431F180518264507006FCF12 /* Build configuration list for PBXNativeTarget "NextBookRun-Android" */;
			buildPhases = (
				431F17FB18264507006FCF12 /* Sources */,
				431F1839182650D4006FCF12 /* Copy Files (libs) */,
				431F17FF18264507006FCF12 /* Frameworks */,
				431F1838182650B5006FCF12 /* Copy Files (assets) */,
				432FF27118570A58005486C5 /* ShellScript */,
			);
			buildRules = (
			);
			dependencies = (
			);
			name = "NextBookRun-Android";
			productName = SimpleView;
			productReference = 431F180818264507006FCF12 /* libNextBookRun.so */;
			productType = "com.apple.product-type.library.dynamic";
		};
/* End PBXNativeTarget section */

/* Begin PBXProject section */
		431F17BA1826432A006FCF12 /* Project object */ = {
			isa = PBXProject;
			attributes = {
				CLASSPREFIX = TN;
				LastUpgradeCheck = 0500;
				ORGANIZATIONNAME = "Shanghai Tinynetwork";
			};
			buildConfigurationList = 431F17BD1826432A006FCF12 /* Build configuration list for PBXProject "NextBookRun" */;
			compatibilityVersion = "Xcode 3.2";
			developmentRegion = English;
			hasScannedForEncodings = 0;
			knownRegions = (
				en,
				Base,
			);
			mainGroup = 431F17B91826432A006FCF12;
			productRefGroup = 431F17C31826432A006FCF12 /* Products */;
			projectDirPath = "";
			projectRoot = "";
			targets = (
				431F17C11826432A006FCF12 /* NextBookRun */,
				431F17FA18264507006FCF12 /* NextBookRun-Android */,
			);
		};
/* End PBXProject section */

/* Begin PBXResourcesBuildPhase section */
		431F17C01826432A006FCF12 /* Resources */ = {
			isa = PBXResourcesBuildPhase;
			buildActionMask = 2147483647;
			files = (
				43C2010818ED4B0400490D59 /* AndroidManifest.xml in Resources */,
				431F17D01826432A006FCF12 /* InfoPlist.strings in Resources */,
				43C2010A18ED4B1600490D59 /* Android.mk in Resources */,
			);
			runOnlyForDeploymentPostprocessing = 0;
		};
/* End PBXResourcesBuildPhase section */

/* Begin PBXShellScriptBuildPhase section */
		432FF27118570A58005486C5 /* ShellScript */ = {
			isa = PBXShellScriptBuildPhase;
			buildActionMask = 2147483647;
			files = (
			);
			inputPaths = (
			);
			outputPaths = (
			);
			runOnlyForDeploymentPostprocessing = 0;
			shellPath = /bin/sh;
			shellScript = "set -e\npushd \"$TARGET_BUILD_DIR/../\"\nPATH=$(bash -l -c 'echo $PATH')\nndk-build\npopd";
		};
/* End PBXShellScriptBuildPhase section */

/* Begin PBXSourcesBuildPhase section */
		431F17BE1826432A006FCF12 /* Sources */ = {
			isa = PBXSourcesBuildPhase;
			buildActionMask = 2147483647;
			files = (
				43C2010618ED4AFC00490D59 /* MainHActivity.java in Sources */,
				431F17DC1826432A006FCF12 /* TNViewController.m in Sources */,
				431F17D61826432A006FCF12 /* TNAppDelegate.m in Sources */,
				431F17D21826432A006FCF12 /* main.m in Sources */,
			);
			runOnlyForDeploymentPostprocessing = 0;
		};
		431F17FB18264507006FCF12 /* Sources */ = {
			isa = PBXSourcesBuildPhase;
			buildActionMask = 2147483647;
			files = (
				4336783B18F2904D00F1D556 /* TNSecondViewController.m in Sources */,
				43ECCF0B1851B50A0076535C /* TNAppDelegate.m in Sources */,
				43EBAA7518AB5573005DDD8D /* TNViewController.m in Sources */,
				431F17FE18264507006FCF12 /* main.m in Sources */,
			);
			runOnlyForDeploymentPostprocessing = 0;
		};
/* End PBXSourcesBuildPhase section */

/* Begin PBXVariantGroup section */
		431F17CE1826432A006FCF12 /* InfoPlist.strings */ = {
			isa = PBXVariantGroup;
			children = (
				431F17CF1826432A006FCF12 /* en */,
			);
			name = InfoPlist.strings;
			sourceTree = "<group>";
		};
/* End PBXVariantGroup section */

/* Begin XCBuildConfiguration section */
		431F17F21826432A006FCF12 /* Debug */ = {
			isa = XCBuildConfiguration;
			buildSettings = {
				ALWAYS_SEARCH_USER_PATHS = NO;
				ARCHS = "$(ARCHS_STANDARD_INCLUDING_64_BIT)";
				CLANG_CXX_LANGUAGE_STANDARD = "gnu++0x";
				CLANG_CXX_LIBRARY = "libc++";
				CLANG_ENABLE_MODULES = YES;
				CLANG_ENABLE_OBJC_ARC = YES;
				CLANG_WARN_BOOL_CONVERSION = YES;
				CLANG_WARN_CONSTANT_CONVERSION = YES;
				CLANG_WARN_DIRECT_OBJC_ISA_USAGE = YES_ERROR;
				CLANG_WARN_EMPTY_BODY = YES;
				CLANG_WARN_ENUM_CONVERSION = YES;
				CLANG_WARN_INT_CONVERSION = YES;
				CLANG_WARN_OBJC_ROOT_CLASS = YES_ERROR;
				CLANG_WARN__DUPLICATE_METHOD_MATCH = YES;
				"CODE_SIGN_IDENTITY[sdk=iphoneos*]" = "iPhone Developer";
				COPY_PHASE_STRIP = NO;
				GCC_C_LANGUAGE_STANDARD = gnu99;
				GCC_DYNAMIC_NO_PIC = NO;
				GCC_OPTIMIZATION_LEVEL = 0;
				GCC_PREPROCESSOR_DEFINITIONS = (
					"DEBUG=1",
					"$(inherited)",
				);
				GCC_SYMBOLS_PRIVATE_EXTERN = NO;
				GCC_WARN_64_TO_32_BIT_CONVERSION = YES;
				GCC_WARN_ABOUT_RETURN_TYPE = YES_ERROR;
				GCC_WARN_UNDECLARED_SELECTOR = YES;
				GCC_WARN_UNINITIALIZED_AUTOS = YES;
				GCC_WARN_UNUSED_FUNCTION = YES;
				GCC_WARN_UNUSED_VARIABLE = YES;
				IPHONEOS_DEPLOYMENT_TARGET = 7.0;
				ONLY_ACTIVE_ARCH = YES;
				SDKROOT = macosx0.0;
			};
			name = Debug;
		};
		431F17F31826432A006FCF12 /* Release */ = {
			isa = XCBuildConfiguration;
			buildSettings = {
				ALWAYS_SEARCH_USER_PATHS = NO;
				ARCHS = "$(ARCHS_STANDARD_INCLUDING_64_BIT)";
				CLANG_CXX_LANGUAGE_STANDARD = "gnu++0x";
				CLANG_CXX_LIBRARY = "libc++";
				CLANG_ENABLE_MODULES = YES;
				CLANG_ENABLE_OBJC_ARC = YES;
				CLANG_WARN_BOOL_CONVERSION = YES;
				CLANG_WARN_CONSTANT_CONVERSION = YES;
				CLANG_WARN_DIRECT_OBJC_ISA_USAGE = YES_ERROR;
				CLANG_WARN_EMPTY_BODY = YES;
				CLANG_WARN_ENUM_CONVERSION = YES;
				CLANG_WARN_INT_CONVERSION = YES;
				CLANG_WARN_OBJC_ROOT_CLASS = YES_ERROR;
				CLANG_WARN__DUPLICATE_METHOD_MATCH = YES;
				"CODE_SIGN_IDENTITY[sdk=iphoneos*]" = "iPhone Developer";
				COPY_PHASE_STRIP = YES;
				ENABLE_NS_ASSERTIONS = NO;
				GCC_C_LANGUAGE_STANDARD = gnu99;
				GCC_WARN_64_TO_32_BIT_CONVERSION = YES;
				GCC_WARN_ABOUT_RETURN_TYPE = YES_ERROR;
				GCC_WARN_UNDECLARED_SELECTOR = YES;
				GCC_WARN_UNINITIALIZED_AUTOS = YES;
				GCC_WARN_UNUSED_FUNCTION = YES;
				GCC_WARN_UNUSED_VARIABLE = YES;
				IPHONEOS_DEPLOYMENT_TARGET = 7.0;
				SDKROOT = macosx0.0;
				VALIDATE_PRODUCT = YES;
			};
			name = Release;
		};
		431F17F51826432A006FCF12 /* Debug */ = {
			isa = XCBuildConfiguration;
			buildSettings = {
				ASSETCATALOG_COMPILER_LAUNCHIMAGE_NAME = LaunchImage;
				FRAMEWORK_SEARCH_PATHS = (
					"$(inherited)",
					"$(USER_LIBRARY_DIR)/Developer/Xcode/DerivedData/NextBookKit-gqvzdqvaywfqaqfjemkvaxavdnez/Build/Products/Debug",
					"$(PROJECT_DIR)/Support",
				);
				GCC_PRECOMPILE_PREFIX_HEADER = YES;
				GCC_PREFIX_HEADER = "Basic/Basic-Prefix.pch";
				INFOPLIST_FILE = "Basic/Basic-Info.plist";
				IPHONEOS_DEPLOYMENT_TARGET = 6.0;
				PRODUCT_NAME = NextBookRun;
				SDKROOT = iphoneos;
				WRAPPER_EXTENSION = app;
			};
			name = Debug;
		};
		431F17F61826432A006FCF12 /* Release */ = {
			isa = XCBuildConfiguration;
			buildSettings = {
				ASSETCATALOG_COMPILER_LAUNCHIMAGE_NAME = LaunchImage;
				FRAMEWORK_SEARCH_PATHS = (
					"$(inherited)",
					"$(USER_LIBRARY_DIR)/Developer/Xcode/DerivedData/NextBookKit-gqvzdqvaywfqaqfjemkvaxavdnez/Build/Products/Debug",
					"$(PROJECT_DIR)/Support",
				);
				GCC_PRECOMPILE_PREFIX_HEADER = YES;
				GCC_PREFIX_HEADER = "Basic/Basic-Prefix.pch";
				INFOPLIST_FILE = "Basic/Basic-Info.plist";
				IPHONEOS_DEPLOYMENT_TARGET = 6.0;
				PRODUCT_NAME = NextBookRun;
				SDKROOT = iphoneos;
				WRAPPER_EXTENSION = app;
			};
			name = Release;
		};
		431F180618264507006FCF12 /* Debug */ = {
			isa = XCBuildConfiguration;
			baseConfigurationReference = 43013A4E1922752E00EC5B20 /* Android.xcconfig */;
			buildSettings = {
				ADDITIONAL_SDKS = "";
				CLANG_ENABLE_MODULES = NO;
				CLANG_ENABLE_OBJC_ARC = YES;
				"CODE_SIGN_IDENTITY[sdk=iphoneos*]" = "";
				DEPLOYMENT_LOCATION = YES;
				DSTROOT = /;
				EXECUTABLE_EXTENSION = so;
				EXECUTABLE_PREFIX = lib;
				FRAMEWORK_SEARCH_PATHS = (
					/Users/chyhfj/Development/MiraSDK/DemoProject/NextBookRun/Support/,
					"$(PROJECT_DIR)/Support",
					"/Users/chyhfj/Development/WorkCode/NextBookKit-Sample/Support/android",
				);
				GCC_PRECOMPILE_PREFIX_HEADER = YES;
				GCC_PREFIX_HEADER = "";
				INFOPLIST_FILE = "Basic-Info.plist";
				INSTALL_PATH = "$(SOURCE_ROOT)/$(PRODUCT_NAME)-android/jni";
				LD_DEPENDENCY_INFO_FILE = "";
				LIBRARY_SEARCH_PATHS = (
					"$(inherited)",
					"/Users/chyhfj/Development/MiraSDK/Products/android/android-toolchain-arm/sysroot/usr/lib",
				);
				MACH_O_TYPE = mh_dylib;
				OTHER_LDFLAGS = (
					"$(inherited)",
					"-L/Users/chyhfj/Development/MiraSDK/DemoProject/NextBookRun/Support",
					"-lNextBookKit",
				);
				PRODUCT_NAME = NextBookRun;
				SDKROOT = macosx0.0;
				WRAPPER_EXTENSION = app;
			};
			name = Debug;
		};
		431F180718264507006FCF12 /* Release */ = {
			isa = XCBuildConfiguration;
			baseConfigurationReference = 43013A4E1922752E00EC5B20 /* Android.xcconfig */;
			buildSettings = {
				ADDITIONAL_SDKS = "";
				CLANG_ENABLE_MODULES = NO;
				CLANG_ENABLE_OBJC_ARC = YES;
				"CODE_SIGN_IDENTITY[sdk=iphoneos*]" = "";
				DEPLOYMENT_LOCATION = YES;
				DSTROOT = /;
				EXECUTABLE_EXTENSION = so;
				EXECUTABLE_PREFIX = lib;
				FRAMEWORK_SEARCH_PATHS = (
					/Users/chyhfj/Development/MiraSDK/DemoProject/NextBookRun/Support/,
					"$(PROJECT_DIR)/Support",
					"/Users/chyhfj/Development/WorkCode/NextBookKit-Sample/Support/android",
				);
				GCC_PRECOMPILE_PREFIX_HEADER = YES;
				GCC_PREFIX_HEADER = "";
				INFOPLIST_FILE = "Basic-Info.plist";
				INSTALL_PATH = "$(SOURCE_ROOT)/$(PRODUCT_NAME)-android/jni";
				LD_DEPENDENCY_INFO_FILE = "";
				LIBRARY_SEARCH_PATHS = (
					"$(inherited)",
					"/Users/chyhfj/Development/MiraSDK/Products/android/android-toolchain-arm/sysroot/usr/lib",
				);
				MACH_O_TYPE = mh_dylib;
				OTHER_LDFLAGS = (
					"$(inherited)",
					"-L/Users/chyhfj/Development/MiraSDK/DemoProject/NextBookRun/Support",
					"-lNextBookKit",
				);
				PRODUCT_NAME = NextBookRun;
				SDKROOT = macosx0.0;
				WRAPPER_EXTENSION = app;
			};
			name = Release;
		};
/* End XCBuildConfiguration section */

/* Begin XCConfigurationList section */
		431F17BD1826432A006FCF12 /* Build configuration list for PBXProject "NextBookRun" */ = {
			isa = XCConfigurationList;
			buildConfigurations = (
				431F17F21826432A006FCF12 /* Debug */,
				431F17F31826432A006FCF12 /* Release */,
			);
			defaultConfigurationIsVisible = 0;
			defaultConfigurationName = Release;
		};
		431F17F41826432A006FCF12 /* Build configuration list for PBXNativeTarget "NextBookRun" */ = {
			isa = XCConfigurationList;
			buildConfigurations = (
				431F17F51826432A006FCF12 /* Debug */,
				431F17F61826432A006FCF12 /* Release */,
			);
			defaultConfigurationIsVisible = 0;
			defaultConfigurationName = Release;
		};
		431F180518264507006FCF12 /* Build configuration list for PBXNativeTarget "NextBookRun-Android" */ = {
			isa = XCConfigurationList;
			buildConfigurations = (
				431F180618264507006FCF12 /* Debug */,
				431F180718264507006FCF12 /* Release */,
			);
			defaultConfigurationIsVisible = 0;
			defaultConfigurationName = Release;
		};
/* End XCConfigurationList section */
	};
	rootObject = 431F17BA1826432A006FCF12 /* Project object */;
}
