// !$*UTF8*$!
{
	archiveVersion = 1;
	classes = {
	};
	objectVersion = 46;
	objects = {

/* Begin PBXBuildFile section */
		0408724A1997C54B00348AFC /* libMediaPlayer.so in Copy Files (libs) */ = {isa = PBXBuildFile; fileRef = 040872451997C51600348AFC /* libMediaPlayer.so */; };
		0408724B1997C55100348AFC /* libTNJavaHelper.so in Copy Files (libs) */ = {isa = PBXBuildFile; fileRef = 040872461997C52000348AFC /* libTNJavaHelper.so */; };
		0408724C1997C55300348AFC /* libCoreText.so in Copy Files (libs) */ = {isa = PBXBuildFile; fileRef = 040872471997C52800348AFC /* libCoreText.so */; };
		0408724D1997C55B00348AFC /* libCoreGraphics.so in Copy Files (libs) */ = {isa = PBXBuildFile; fileRef = 040872481997C53000348AFC /* libCoreGraphics.so */; };
		0408724E1997C55B00348AFC /* libQuartzCore.so in Copy Files (libs) */ = {isa = PBXBuildFile; fileRef = 040872491997C53A00348AFC /* libQuartzCore.so */; };
		0408724F1997C55B00348AFC /* libgnustep-corebase.so in Copy Files (libs) */ = {isa = PBXBuildFile; fileRef = 040872431997C4FF00348AFC /* libgnustep-corebase.so */; };
		040872501997C55B00348AFC /* libgnustl_shared.so in Copy Files (libs) */ = {isa = PBXBuildFile; fileRef = 040872441997C50900348AFC /* libgnustl_shared.so */; };
		040872511997C55B00348AFC /* libdispatch.so in Copy Files (libs) */ = {isa = PBXBuildFile; fileRef = 0408723E1997C49200348AFC /* libdispatch.so */; };
		040872521997C55B00348AFC /* libOpenGLES.so in Copy Files (libs) */ = {isa = PBXBuildFile; fileRef = 040872421997C4F200348AFC /* libOpenGLES.so */; };
		040872531997C55B00348AFC /* libUIKit.so in Copy Files (libs) */ = {isa = PBXBuildFile; fileRef = 040872411997C4E900348AFC /* libUIKit.so */; };
		040872541997C55B00348AFC /* libgnustep-base.so in Copy Files (libs) */ = {isa = PBXBuildFile; fileRef = 040872401997C4DA00348AFC /* libgnustep-base.so */; };
		040872551997C55B00348AFC /* libobjc.so in Copy Files (libs) */ = {isa = PBXBuildFile; fileRef = 0408723F1997C4D000348AFC /* libobjc.so */; };
		43013A551923509900EC5B20 /* CoreFoundation.framework in Frameworks */ = {isa = PBXBuildFile; fileRef = 43013A541923509900EC5B20 /* CoreFoundation.framework */; };
		43081F8F1967F19500355FC5 /* TNLabelTestViewController.m in Sources */ = {isa = PBXBuildFile; fileRef = 43081F8E1967F19500355FC5 /* TNLabelTestViewController.m */; };
		43081F931967F41C00355FC5 /* TNLabelTestViewController.m in Sources */ = {isa = PBXBuildFile; fileRef = 43081F8E1967F19500355FC5 /* TNLabelTestViewController.m */; };
		43081F97196811ED00355FC5 /* TNAnimationTestViewController.m in Sources */ = {isa = PBXBuildFile; fileRef = 43081F96196811ED00355FC5 /* TNAnimationTestViewController.m */; };
		43081F9B1968129200355FC5 /* TNTableViewTestController.m in Sources */ = {isa = PBXBuildFile; fileRef = 43081F9A1968129200355FC5 /* TNTableViewTestController.m */; };
		43081F9C1968129700355FC5 /* TNTableViewTestController.m in Sources */ = {isa = PBXBuildFile; fileRef = 43081F9A1968129200355FC5 /* TNTableViewTestController.m */; };
		43081F9D196812A000355FC5 /* TNAnimationTestViewController.m in Sources */ = {isa = PBXBuildFile; fileRef = 43081F96196811ED00355FC5 /* TNAnimationTestViewController.m */; };
		43081FA11968130300355FC5 /* TNAlertViewTestViewController.m in Sources */ = {isa = PBXBuildFile; fileRef = 43081FA01968130300355FC5 /* TNAlertViewTestViewController.m */; };
		43081FA21968130300355FC5 /* TNAlertViewTestViewController.m in Sources */ = {isa = PBXBuildFile; fileRef = 43081FA01968130300355FC5 /* TNAlertViewTestViewController.m */; };
		43081FA51968170000355FC5 /* TNViewTestViewController.m in Sources */ = {isa = PBXBuildFile; fileRef = 43081FA41968170000355FC5 /* TNViewTestViewController.m */; };
		43081FA61968170000355FC5 /* TNViewTestViewController.m in Sources */ = {isa = PBXBuildFile; fileRef = 43081FA41968170000355FC5 /* TNViewTestViewController.m */; };
		4308707019CE89A600DEEAC0 /* TNPanGestureTestViewController.m in Sources */ = {isa = PBXBuildFile; fileRef = 4308706F19CE89A600DEEAC0 /* TNPanGestureTestViewController.m */; };
		4308707119CE89A600DEEAC0 /* TNPanGestureTestViewController.m in Sources */ = {isa = PBXBuildFile; fileRef = 4308706F19CE89A600DEEAC0 /* TNPanGestureTestViewController.m */; };
		43098C2B1978C21C005A97A1 /* TNVCTestViewController.m in Sources */ = {isa = PBXBuildFile; fileRef = 43098C2A1978C21C005A97A1 /* TNVCTestViewController.m */; };
		43098C2C1978C21C005A97A1 /* TNVCTestViewController.m in Sources */ = {isa = PBXBuildFile; fileRef = 43098C2A1978C21C005A97A1 /* TNVCTestViewController.m */; };
		43098C301978FC45005A97A1 /* TNPresentedContentViewController.m in Sources */ = {isa = PBXBuildFile; fileRef = 43098C2F1978FC45005A97A1 /* TNPresentedContentViewController.m */; };
		43098C311978FC45005A97A1 /* TNPresentedContentViewController.m in Sources */ = {isa = PBXBuildFile; fileRef = 43098C2F1978FC45005A97A1 /* TNPresentedContentViewController.m */; };
		43098C7B197ACAE6005A97A1 /* TNCTTestViewController.m in Sources */ = {isa = PBXBuildFile; fileRef = 43098C7A197ACAE6005A97A1 /* TNCTTestViewController.m */; };
		43098C7C197ACAE6005A97A1 /* TNCTTestViewController.m in Sources */ = {isa = PBXBuildFile; fileRef = 43098C7A197ACAE6005A97A1 /* TNCTTestViewController.m */; };
		43098C7F197ACB24005A97A1 /* TNCTView.m in Sources */ = {isa = PBXBuildFile; fileRef = 43098C7E197ACB24005A97A1 /* TNCTView.m */; };
		43098C80197ACB24005A97A1 /* TNCTView.m in Sources */ = {isa = PBXBuildFile; fileRef = 43098C7E197ACB24005A97A1 /* TNCTView.m */; };
		431F17C61826432A006FCF12 /* Foundation.framework in Frameworks */ = {isa = PBXBuildFile; fileRef = 431F17C51826432A006FCF12 /* Foundation.framework */; };
		431F17C81826432A006FCF12 /* CoreGraphics.framework in Frameworks */ = {isa = PBXBuildFile; fileRef = 431F17C71826432A006FCF12 /* CoreGraphics.framework */; };
		431F17D01826432A006FCF12 /* InfoPlist.strings in Resources */ = {isa = PBXBuildFile; fileRef = 431F17CE1826432A006FCF12 /* InfoPlist.strings */; };
		431F17D21826432A006FCF12 /* main.m in Sources */ = {isa = PBXBuildFile; fileRef = 431F17D11826432A006FCF12 /* main.m */; };
		431F17D61826432A006FCF12 /* TNAppDelegate.m in Sources */ = {isa = PBXBuildFile; fileRef = 431F17D51826432A006FCF12 /* TNAppDelegate.m */; };
		431F17DC1826432A006FCF12 /* TNViewController.m in Sources */ = {isa = PBXBuildFile; fileRef = 431F17DB1826432A006FCF12 /* TNViewController.m */; };
		431F17FE18264507006FCF12 /* main.m in Sources */ = {isa = PBXBuildFile; fileRef = 431F17D11826432A006FCF12 /* main.m */; };
		431F183F18265125006FCF12 /* InfoPlist.strings in Copy Files (assets) */ = {isa = PBXBuildFile; fileRef = 431F17CE1826432A006FCF12 /* InfoPlist.strings */; };
		432077E1185313EA00166514 /* QuartzCore.framework in Frameworks */ = {isa = PBXBuildFile; fileRef = 432077E0185313EA00166514 /* QuartzCore.framework */; };
		432FF2B018574966005486C5 /* TNCustomView.m in Sources */ = {isa = PBXBuildFile; fileRef = 432FF2AF18574966005486C5 /* TNCustomView.m */; };
		432FF2B218574AD9005486C5 /* TNCustomView.m in Sources */ = {isa = PBXBuildFile; fileRef = 432FF2AF18574966005486C5 /* TNCustomView.m */; };
		4345707819E6857A00BF1CA8 /* TNCGImageResultViewController.m in Sources */ = {isa = PBXBuildFile; fileRef = 4345707719E6857A00BF1CA8 /* TNCGImageResultViewController.m */; };
		4345707919E6857A00BF1CA8 /* TNCGImageResultViewController.m in Sources */ = {isa = PBXBuildFile; fileRef = 4345707719E6857A00BF1CA8 /* TNCGImageResultViewController.m */; };
		4345708019E6B80B00BF1CA8 /* TNClipsToBoundsTestViewController.m in Sources */ = {isa = PBXBuildFile; fileRef = 4345707F19E6B80B00BF1CA8 /* TNClipsToBoundsTestViewController.m */; };
		4345708119E6B80B00BF1CA8 /* TNClipsToBoundsTestViewController.m in Sources */ = {isa = PBXBuildFile; fileRef = 4345707F19E6B80B00BF1CA8 /* TNClipsToBoundsTestViewController.m */; };
		434DAE3F19911F2C00DE5C14 /* TNGestureRecognizerViewController.m in Sources */ = {isa = PBXBuildFile; fileRef = 434DAE3E19911F2C00DE5C14 /* TNGestureRecognizerViewController.m */; };
		434DAE4019911F2C00DE5C14 /* TNGestureRecognizerViewController.m in Sources */ = {isa = PBXBuildFile; fileRef = 434DAE3E19911F2C00DE5C14 /* TNGestureRecognizerViewController.m */; };
		434DAE451991203D00DE5C14 /* TNRotationTestViewController.m in Sources */ = {isa = PBXBuildFile; fileRef = 434DAE441991203D00DE5C14 /* TNRotationTestViewController.m */; };
		434DAE461991203D00DE5C14 /* TNRotationTestViewController.m in Sources */ = {isa = PBXBuildFile; fileRef = 434DAE441991203D00DE5C14 /* TNRotationTestViewController.m */; };
		434DAE491991206B00DE5C14 /* TNPinchAndRotationViewController.m in Sources */ = {isa = PBXBuildFile; fileRef = 434DAE481991206B00DE5C14 /* TNPinchAndRotationViewController.m */; };
		434DAE4A1991206B00DE5C14 /* TNPinchAndRotationViewController.m in Sources */ = {isa = PBXBuildFile; fileRef = 434DAE481991206B00DE5C14 /* TNPinchAndRotationViewController.m */; };
		436D4A5919F241A600F6F8F9 /* TNTouchesCancelTestViewController.m in Sources */ = {isa = PBXBuildFile; fileRef = 436D4A5819F241A600F6F8F9 /* TNTouchesCancelTestViewController.m */; };
		436D4A5A19F241A600F6F8F9 /* TNTouchesCancelTestViewController.m in Sources */ = {isa = PBXBuildFile; fileRef = 436D4A5819F241A600F6F8F9 /* TNTouchesCancelTestViewController.m */; };
		436D4A6019F25E5300F6F8F9 /* TNWebViewTestViewController.m in Sources */ = {isa = PBXBuildFile; fileRef = 436D4A5F19F25E5300F6F8F9 /* TNWebViewTestViewController.m */; };
		436D4A6119F25E5300F6F8F9 /* TNWebViewTestViewController.m in Sources */ = {isa = PBXBuildFile; fileRef = 436D4A5F19F25E5300F6F8F9 /* TNWebViewTestViewController.m */; };
		438406301881571F000D092C /* CoreText.framework in Frameworks */ = {isa = PBXBuildFile; fileRef = 4384062F1881571F000D092C /* CoreText.framework */; };
		4384064918816CA4000D092C /* CoreGraphics.framework in Frameworks */ = {isa = PBXBuildFile; fileRef = 431F17C71826432A006FCF12 /* CoreGraphics.framework */; };
		4392238B19EFB7DA00C8420A /* TNScrollViewNestingTestViewController.m in Sources */ = {isa = PBXBuildFile; fileRef = 4392238A19EFB7DA00C8420A /* TNScrollViewNestingTestViewController.m */; };
		4392238C19EFB7DA00C8420A /* TNScrollViewNestingTestViewController.m in Sources */ = {isa = PBXBuildFile; fileRef = 4392238A19EFB7DA00C8420A /* TNScrollViewNestingTestViewController.m */; };
		43972D7319932A7500EDD603 /* TNRunloopTestViewController.m in Sources */ = {isa = PBXBuildFile; fileRef = 43972D7219932A7500EDD603 /* TNRunloopTestViewController.m */; };
		43972D7419932A7500EDD603 /* TNRunloopTestViewController.m in Sources */ = {isa = PBXBuildFile; fileRef = 43972D7219932A7500EDD603 /* TNRunloopTestViewController.m */; };
		43972D7719934A7800EDD603 /* TNTestCase.m in Sources */ = {isa = PBXBuildFile; fileRef = 43972D7619934A7800EDD603 /* TNTestCase.m */; };
		43972D7819934A7800EDD603 /* TNTestCase.m in Sources */ = {isa = PBXBuildFile; fileRef = 43972D7619934A7800EDD603 /* TNTestCase.m */; };
		43972E0C19936F6100EDD603 /* TNTapGestureTestViewController.m in Sources */ = {isa = PBXBuildFile; fileRef = 43972E0B19936F6100EDD603 /* TNTapGestureTestViewController.m */; };
		43972E0D19936F6100EDD603 /* TNTapGestureTestViewController.m in Sources */ = {isa = PBXBuildFile; fileRef = 43972E0B19936F6100EDD603 /* TNTapGestureTestViewController.m */; };
		43972E121995044C00EDD603 /* TNMultiGestureTestViewController.m in Sources */ = {isa = PBXBuildFile; fileRef = 43972E111995044C00EDD603 /* TNMultiGestureTestViewController.m */; };
		43972E131995044C00EDD603 /* TNMultiGestureTestViewController.m in Sources */ = {isa = PBXBuildFile; fileRef = 43972E111995044C00EDD603 /* TNMultiGestureTestViewController.m */; };
		439A73D818E9195600B1BE40 /* TNButtonTestViewController.m in Sources */ = {isa = PBXBuildFile; fileRef = 439A73D518E918AD00B1BE40 /* TNButtonTestViewController.m */; };
		43A8F07019DEF67500AF4CAD /* NBRadialGradientLayer.m in Sources */ = {isa = PBXBuildFile; fileRef = 43A8F06F19DEF67500AF4CAD /* NBRadialGradientLayer.m */; };
		43A8F07119DEF67500AF4CAD /* NBRadialGradientLayer.m in Sources */ = {isa = PBXBuildFile; fileRef = 43A8F06F19DEF67500AF4CAD /* NBRadialGradientLayer.m */; };
		43A8F07619DEF6A600AF4CAD /* TNPCTestViewController.m in Sources */ = {isa = PBXBuildFile; fileRef = 43A8F07519DEF6A600AF4CAD /* TNPCTestViewController.m */; };
		43A8F07719DEF6A600AF4CAD /* TNPCTestViewController.m in Sources */ = {isa = PBXBuildFile; fileRef = 43A8F07519DEF6A600AF4CAD /* TNPCTestViewController.m */; };
		43A8F07A19DEFECA00AF4CAD /* TNNotARCSubclass.m in Sources */ = {isa = PBXBuildFile; fileRef = 43A8F07919DEFECA00AF4CAD /* TNNotARCSubclass.m */; settings = {COMPILER_FLAGS = "-fno-objc-arc"; }; };
		43A8F07B19DEFECA00AF4CAD /* TNNotARCSubclass.m in Sources */ = {isa = PBXBuildFile; fileRef = 43A8F07919DEFECA00AF4CAD /* TNNotARCSubclass.m */; settings = {COMPILER_FLAGS = "-fno-objc-arc"; }; };
		43A8F08219E01D6D00AF4CAD /* NBSSAnimation.m in Sources */ = {isa = PBXBuildFile; fileRef = 43A8F08119E01D6D00AF4CAD /* NBSSAnimation.m */; };
		43A8F08319E01D6D00AF4CAD /* NBSSAnimation.m in Sources */ = {isa = PBXBuildFile; fileRef = 43A8F08119E01D6D00AF4CAD /* NBSSAnimation.m */; };
		43A8F0DA19E2451D00AF4CAD /* TNLayerKeyPathTestViewController.m in Sources */ = {isa = PBXBuildFile; fileRef = 43A8F0D919E2451D00AF4CAD /* TNLayerKeyPathTestViewController.m */; };
		43A8F0DB19E2451D00AF4CAD /* TNLayerKeyPathTestViewController.m in Sources */ = {isa = PBXBuildFile; fileRef = 43A8F0D919E2451D00AF4CAD /* TNLayerKeyPathTestViewController.m */; };
		43B6B6511913B9A6005D09ED /* TNButtonTestViewController.m in Sources */ = {isa = PBXBuildFile; fileRef = 439A73D518E918AD00B1BE40 /* TNButtonTestViewController.m */; };
		43B6B6531913B9A8005D09ED /* TNImageTestViewController.m in Sources */ = {isa = PBXBuildFile; fileRef = 43E3426B18F433D800463092 /* TNImageTestViewController.m */; };
		43B6B6541913B9AB005D09ED /* TNScrollTestViewController.m in Sources */ = {isa = PBXBuildFile; fileRef = 43E3428218F5730600463092 /* TNScrollTestViewController.m */; };
		43B6B6551913B9B8005D09ED /* TNTestViewController.m in Sources */ = {isa = PBXBuildFile; fileRef = 43E3428618F573F000463092 /* TNTestViewController.m */; };
		43CAE9DC19AC779100B0AA8F /* 34912115.jpg in Resources */ = {isa = PBXBuildFile; fileRef = 43CAE9DA19AC779100B0AA8F /* 34912115.jpg */; };
		43CAE9DD19AC779100B0AA8F /* kiniromosaic001.jpg in Resources */ = {isa = PBXBuildFile; fileRef = 43CAE9DB19AC779100B0AA8F /* kiniromosaic001.jpg */; };
		43CAE9E519ADA0F300B0AA8F /* TNScrollViewPagingTestViewController.m in Sources */ = {isa = PBXBuildFile; fileRef = 43CAE9E419ADA0F300B0AA8F /* TNScrollViewPagingTestViewController.m */; };
		43CAE9E619ADA0F300B0AA8F /* TNScrollViewPagingTestViewController.m in Sources */ = {isa = PBXBuildFile; fileRef = 43CAE9E419ADA0F300B0AA8F /* TNScrollViewPagingTestViewController.m */; };
		43CAE9F519B01E0200B0AA8F /* TNRGBATestViewController.m in Sources */ = {isa = PBXBuildFile; fileRef = 43CAE9F419B01E0200B0AA8F /* TNRGBATestViewController.m */; };
		43CAE9F619B01E0200B0AA8F /* TNRGBATestViewController.m in Sources */ = {isa = PBXBuildFile; fileRef = 43CAE9F419B01E0200B0AA8F /* TNRGBATestViewController.m */; };
		43CAEA4F19B0AE5800B0AA8F /* libObjectiveZip.so in Copy Files (libs) */ = {isa = PBXBuildFile; fileRef = 43CAEA4E19B0AE4400B0AA8F /* libObjectiveZip.so */; };
		43D475C719C985C500B6E475 /* TNPresentTestViewController.m in Sources */ = {isa = PBXBuildFile; fileRef = 43D475C619C985C500B6E475 /* TNPresentTestViewController.m */; };
		43D475C819C985C500B6E475 /* TNPresentTestViewController.m in Sources */ = {isa = PBXBuildFile; fileRef = 43D475C619C985C500B6E475 /* TNPresentTestViewController.m */; };
		43DD64B41990BD07000884BA /* TNTouchsTestViewController.m in Sources */ = {isa = PBXBuildFile; fileRef = 43DD64B31990BD06000884BA /* TNTouchsTestViewController.m */; };
		43DD64B51990BD07000884BA /* TNTouchsTestViewController.m in Sources */ = {isa = PBXBuildFile; fileRef = 43DD64B31990BD06000884BA /* TNTouchsTestViewController.m */; };
		43DD64BD1990DAEE000884BA /* TNPinchTestViewController.m in Sources */ = {isa = PBXBuildFile; fileRef = 43DD64BC1990DAEE000884BA /* TNPinchTestViewController.m */; };
		43DD64BE1990DAEE000884BA /* TNPinchTestViewController.m in Sources */ = {isa = PBXBuildFile; fileRef = 43DD64BC1990DAEE000884BA /* TNPinchTestViewController.m */; };
		43E3426E18F436E900463092 /* TNImageTestViewController.m in Sources */ = {isa = PBXBuildFile; fileRef = 43E3426B18F433D800463092 /* TNImageTestViewController.m */; };
		43E3428318F5730600463092 /* TNScrollTestViewController.m in Sources */ = {isa = PBXBuildFile; fileRef = 43E3428218F5730600463092 /* TNScrollTestViewController.m */; };
		43E3428718F573F000463092 /* TNTestViewController.m in Sources */ = {isa = PBXBuildFile; fileRef = 43E3428618F573F000463092 /* TNTestViewController.m */; };
		43E7C97C196C40C70067C3A7 /* TNShapeLayerTestViewController.m in Sources */ = {isa = PBXBuildFile; fileRef = 43E7C97B196C40C70067C3A7 /* TNShapeLayerTestViewController.m */; };
		43E7C97D196C40CA0067C3A7 /* TNShapeLayerTestViewController.m in Sources */ = {isa = PBXBuildFile; fileRef = 43E7C97B196C40C70067C3A7 /* TNShapeLayerTestViewController.m */; };
		43E7C98A196E50470067C3A7 /* TNCGTestViewController.m in Sources */ = {isa = PBXBuildFile; fileRef = 43E7C989196E50470067C3A7 /* TNCGTestViewController.m */; };
		43E7C98B196E50470067C3A7 /* TNCGTestViewController.m in Sources */ = {isa = PBXBuildFile; fileRef = 43E7C989196E50470067C3A7 /* TNCGTestViewController.m */; };
		43EBAA7518AB5573005DDD8D /* TNViewController.m in Sources */ = {isa = PBXBuildFile; fileRef = 431F17DB1826432A006FCF12 /* TNViewController.m */; };
		43ECCF051851936B0076535C /* UIKit.framework in Frameworks */ = {isa = PBXBuildFile; fileRef = 431F17C91826432A006FCF12 /* UIKit.framework */; };
		43ECCF0B1851B50A0076535C /* TNAppDelegate.m in Sources */ = {isa = PBXBuildFile; fileRef = 431F17D51826432A006FCF12 /* TNAppDelegate.m */; };
		43F91D401987E90C009E154D /* TNLayerTestViewController.m in Sources */ = {isa = PBXBuildFile; fileRef = 43F91D3F1987E90C009E154D /* TNLayerTestViewController.m */; };
		43F91D411987E90C009E154D /* TNLayerTestViewController.m in Sources */ = {isa = PBXBuildFile; fileRef = 43F91D3F1987E90C009E154D /* TNLayerTestViewController.m */; };
		43F91D461987EA33009E154D /* TNLayerTransformTestViewController.m in Sources */ = {isa = PBXBuildFile; fileRef = 43F91D451987EA33009E154D /* TNLayerTransformTestViewController.m */; };
		43F91D471987EA33009E154D /* TNLayerTransformTestViewController.m in Sources */ = {isa = PBXBuildFile; fileRef = 43F91D451987EA33009E154D /* TNLayerTransformTestViewController.m */; };
		43F962F51982599400530F4F /* TNMediaPlayerTestViewController.m in Sources */ = {isa = PBXBuildFile; fileRef = 43F962F41982599400530F4F /* TNMediaPlayerTestViewController.m */; };
		43F962F61982599400530F4F /* TNMediaPlayerTestViewController.m in Sources */ = {isa = PBXBuildFile; fileRef = 43F962F41982599400530F4F /* TNMediaPlayerTestViewController.m */; };
		43F962F819825A1600530F4F /* MediaPlayer.framework in Frameworks */ = {isa = PBXBuildFile; fileRef = 43F962F719825A1600530F4F /* MediaPlayer.framework */; };
/* End PBXBuildFile section */

/* Begin PBXContainerItemProxy section */
		04ADB2DF1998C01A005833EF /* PBXContainerItemProxy */ = {
			isa = PBXContainerItemProxy;
			containerPortal = 04ADB2DA1998C01A005833EF /* UIKit.xcodeproj */;
			proxyType = 2;
			remoteGlobalIDString = 43718E6918517B7B00850F08;
			remoteInfo = UIKit;
		};
		04ADB2E11998C01A005833EF /* PBXContainerItemProxy */ = {
			isa = PBXContainerItemProxy;
			containerPortal = 04ADB2DA1998C01A005833EF /* UIKit.xcodeproj */;
			proxyType = 2;
			remoteGlobalIDString = 43718E8018517B7B00850F08;
			remoteInfo = UIKitTests;
		};
/* End PBXContainerItemProxy section */

/* Begin PBXCopyFilesBuildPhase section */
		431F1838182650B5006FCF12 /* Copy Files (assets) */ = {
			isa = PBXCopyFilesBuildPhase;
			buildActionMask = 2147483647;
			dstPath = "$(SOURCE_ROOT)/$(PRODUCT_NAME)-android/assets/Resources";
			dstSubfolderSpec = 0;
			files = (
				431F183F18265125006FCF12 /* InfoPlist.strings in Copy Files (assets) */,
			);
			name = "Copy Files (assets)";
			runOnlyForDeploymentPostprocessing = 0;
		};
		431F1839182650D4006FCF12 /* Copy Files (libs) */ = {
			isa = PBXCopyFilesBuildPhase;
			buildActionMask = 2147483647;
			dstPath = "";
			dstSubfolderSpec = 6;
			files = (
				0408724D1997C55B00348AFC /* libCoreGraphics.so in Copy Files (libs) */,
				0408724E1997C55B00348AFC /* libQuartzCore.so in Copy Files (libs) */,
				0408724F1997C55B00348AFC /* libgnustep-corebase.so in Copy Files (libs) */,
				040872501997C55B00348AFC /* libgnustl_shared.so in Copy Files (libs) */,
				040872511997C55B00348AFC /* libdispatch.so in Copy Files (libs) */,
				040872521997C55B00348AFC /* libOpenGLES.so in Copy Files (libs) */,
				040872531997C55B00348AFC /* libUIKit.so in Copy Files (libs) */,
				040872541997C55B00348AFC /* libgnustep-base.so in Copy Files (libs) */,
				040872551997C55B00348AFC /* libobjc.so in Copy Files (libs) */,
				0408724A1997C54B00348AFC /* libMediaPlayer.so in Copy Files (libs) */,
				0408724B1997C55100348AFC /* libTNJavaHelper.so in Copy Files (libs) */,
				0408724C1997C55300348AFC /* libCoreText.so in Copy Files (libs) */,
				43CAEA4F19B0AE5800B0AA8F /* libObjectiveZip.so in Copy Files (libs) */,
			);
			name = "Copy Files (libs)";
			runOnlyForDeploymentPostprocessing = 0;
		};
/* End PBXCopyFilesBuildPhase section */

/* Begin PBXFileReference section */
		0408723E1997C49200348AFC /* libdispatch.so */ = {isa = PBXFileReference; lastKnownFileType = file; name = libdispatch.so; path = "../../toolchain/android/android-toolchain-arm/sysroot/usr/lib/libdispatch.so"; sourceTree = "<group>"; };
		0408723F1997C4D000348AFC /* libobjc.so */ = {isa = PBXFileReference; lastKnownFileType = file; name = libobjc.so; path = "../../toolchain/android/android-toolchain-arm/sysroot/usr/lib/libobjc.so"; sourceTree = "<group>"; };
		040872401997C4DA00348AFC /* libgnustep-base.so */ = {isa = PBXFileReference; lastKnownFileType = file; name = "libgnustep-base.so"; path = "../../toolchain/android/android-toolchain-arm/sysroot/usr/lib/libgnustep-base.so"; sourceTree = "<group>"; };
		040872411997C4E900348AFC /* libUIKit.so */ = {isa = PBXFileReference; lastKnownFileType = file; name = libUIKit.so; path = "../../toolchain/android/android-toolchain-arm/sysroot/usr/lib/libUIKit.so"; sourceTree = "<group>"; };
		040872421997C4F200348AFC /* libOpenGLES.so */ = {isa = PBXFileReference; lastKnownFileType = file; name = libOpenGLES.so; path = "../../toolchain/android/android-toolchain-arm/sysroot/usr/lib/libOpenGLES.so"; sourceTree = "<group>"; };
		040872431997C4FF00348AFC /* libgnustep-corebase.so */ = {isa = PBXFileReference; lastKnownFileType = file; name = "libgnustep-corebase.so"; path = "../../toolchain/android/android-toolchain-arm/sysroot/usr/lib/libgnustep-corebase.so"; sourceTree = "<group>"; };
		040872441997C50900348AFC /* libgnustl_shared.so */ = {isa = PBXFileReference; lastKnownFileType = file; name = libgnustl_shared.so; path = "../../toolchain/android/android-toolchain-arm/sysroot/usr/lib/libgnustl_shared.so"; sourceTree = "<group>"; };
		040872451997C51600348AFC /* libMediaPlayer.so */ = {isa = PBXFileReference; lastKnownFileType = file; name = libMediaPlayer.so; path = "../../toolchain/android/android-toolchain-arm/sysroot/usr/lib/libMediaPlayer.so"; sourceTree = "<group>"; };
		040872461997C52000348AFC /* libTNJavaHelper.so */ = {isa = PBXFileReference; lastKnownFileType = file; name = libTNJavaHelper.so; path = "../../toolchain/android/android-toolchain-arm/sysroot/usr/lib/libTNJavaHelper.so"; sourceTree = "<group>"; };
		040872471997C52800348AFC /* libCoreText.so */ = {isa = PBXFileReference; lastKnownFileType = file; name = libCoreText.so; path = "../../toolchain/android/android-toolchain-arm/sysroot/usr/lib/libCoreText.so"; sourceTree = "<group>"; };
		040872481997C53000348AFC /* libCoreGraphics.so */ = {isa = PBXFileReference; lastKnownFileType = file; name = libCoreGraphics.so; path = "../../toolchain/android/android-toolchain-arm/sysroot/usr/lib/libCoreGraphics.so"; sourceTree = "<group>"; };
		040872491997C53A00348AFC /* libQuartzCore.so */ = {isa = PBXFileReference; lastKnownFileType = file; name = libQuartzCore.so; path = "../../toolchain/android/android-toolchain-arm/sysroot/usr/lib/libQuartzCore.so"; sourceTree = "<group>"; };
		04ADB2DA1998C01A005833EF /* UIKit.xcodeproj */ = {isa = PBXFileReference; lastKnownFileType = "wrapper.pb-project"; name = UIKit.xcodeproj; path = "../../Mirai-UIKit/UIKit.xcodeproj"; sourceTree = "<group>"; };
		4301394D19225B6300EC5B20 /* Android.xcconfig */ = {isa = PBXFileReference; lastKnownFileType = text.xcconfig; path = Android.xcconfig; sourceTree = "<group>"; };
		43013A541923509900EC5B20 /* CoreFoundation.framework */ = {isa = PBXFileReference; lastKnownFileType = wrapper.framework; name = CoreFoundation.framework; path = System/Library/Frameworks/CoreFoundation.framework; sourceTree = SDKROOT; };
		43081F8D1967F19500355FC5 /* TNLabelTestViewController.h */ = {isa = PBXFileReference; fileEncoding = 4; lastKnownFileType = sourcecode.c.h; path = TNLabelTestViewController.h; sourceTree = "<group>"; };
		43081F8E1967F19500355FC5 /* TNLabelTestViewController.m */ = {isa = PBXFileReference; fileEncoding = 4; lastKnownFileType = sourcecode.c.objc; path = TNLabelTestViewController.m; sourceTree = "<group>"; };
		43081F95196811ED00355FC5 /* TNAnimationTestViewController.h */ = {isa = PBXFileReference; fileEncoding = 4; lastKnownFileType = sourcecode.c.h; path = TNAnimationTestViewController.h; sourceTree = "<group>"; };
		43081F96196811ED00355FC5 /* TNAnimationTestViewController.m */ = {isa = PBXFileReference; fileEncoding = 4; lastKnownFileType = sourcecode.c.objc; path = TNAnimationTestViewController.m; sourceTree = "<group>"; };
		43081F991968129200355FC5 /* TNTableViewTestController.h */ = {isa = PBXFileReference; fileEncoding = 4; lastKnownFileType = sourcecode.c.h; path = TNTableViewTestController.h; sourceTree = "<group>"; };
		43081F9A1968129200355FC5 /* TNTableViewTestController.m */ = {isa = PBXFileReference; fileEncoding = 4; lastKnownFileType = sourcecode.c.objc; path = TNTableViewTestController.m; sourceTree = "<group>"; };
		43081F9F1968130300355FC5 /* TNAlertViewTestViewController.h */ = {isa = PBXFileReference; fileEncoding = 4; lastKnownFileType = sourcecode.c.h; path = TNAlertViewTestViewController.h; sourceTree = "<group>"; };
		43081FA01968130300355FC5 /* TNAlertViewTestViewController.m */ = {isa = PBXFileReference; fileEncoding = 4; lastKnownFileType = sourcecode.c.objc; path = TNAlertViewTestViewController.m; sourceTree = "<group>"; };
		43081FA31968170000355FC5 /* TNViewTestViewController.h */ = {isa = PBXFileReference; fileEncoding = 4; lastKnownFileType = sourcecode.c.h; path = TNViewTestViewController.h; sourceTree = "<group>"; };
		43081FA41968170000355FC5 /* TNViewTestViewController.m */ = {isa = PBXFileReference; fileEncoding = 4; lastKnownFileType = sourcecode.c.objc; path = TNViewTestViewController.m; sourceTree = "<group>"; };
		4308706E19CE89A600DEEAC0 /* TNPanGestureTestViewController.h */ = {isa = PBXFileReference; fileEncoding = 4; lastKnownFileType = sourcecode.c.h; path = TNPanGestureTestViewController.h; sourceTree = "<group>"; };
		4308706F19CE89A600DEEAC0 /* TNPanGestureTestViewController.m */ = {isa = PBXFileReference; fileEncoding = 4; lastKnownFileType = sourcecode.c.objc; path = TNPanGestureTestViewController.m; sourceTree = "<group>"; };
		43098C291978C21C005A97A1 /* TNVCTestViewController.h */ = {isa = PBXFileReference; fileEncoding = 4; lastKnownFileType = sourcecode.c.h; path = TNVCTestViewController.h; sourceTree = "<group>"; };
		43098C2A1978C21C005A97A1 /* TNVCTestViewController.m */ = {isa = PBXFileReference; fileEncoding = 4; lastKnownFileType = sourcecode.c.objc; path = TNVCTestViewController.m; sourceTree = "<group>"; };
		43098C2E1978FC45005A97A1 /* TNPresentedContentViewController.h */ = {isa = PBXFileReference; fileEncoding = 4; lastKnownFileType = sourcecode.c.h; path = TNPresentedContentViewController.h; sourceTree = "<group>"; };
		43098C2F1978FC45005A97A1 /* TNPresentedContentViewController.m */ = {isa = PBXFileReference; fileEncoding = 4; lastKnownFileType = sourcecode.c.objc; path = TNPresentedContentViewController.m; sourceTree = "<group>"; };
		43098C79197ACAE6005A97A1 /* TNCTTestViewController.h */ = {isa = PBXFileReference; fileEncoding = 4; lastKnownFileType = sourcecode.c.h; path = TNCTTestViewController.h; sourceTree = "<group>"; };
		43098C7A197ACAE6005A97A1 /* TNCTTestViewController.m */ = {isa = PBXFileReference; fileEncoding = 4; lastKnownFileType = sourcecode.c.objc; path = TNCTTestViewController.m; sourceTree = "<group>"; };
		43098C7D197ACB24005A97A1 /* TNCTView.h */ = {isa = PBXFileReference; fileEncoding = 4; lastKnownFileType = sourcecode.c.h; path = TNCTView.h; sourceTree = "<group>"; };
		43098C7E197ACB24005A97A1 /* TNCTView.m */ = {isa = PBXFileReference; fileEncoding = 4; lastKnownFileType = sourcecode.c.objc; path = TNCTView.m; sourceTree = "<group>"; };
		431F17C21826432A006FCF12 /* MiraiTests.app */ = {isa = PBXFileReference; explicitFileType = wrapper.application; includeInIndex = 0; path = MiraiTests.app; sourceTree = BUILT_PRODUCTS_DIR; };
		431F17C51826432A006FCF12 /* Foundation.framework */ = {isa = PBXFileReference; lastKnownFileType = wrapper.framework; name = Foundation.framework; path = System/Library/Frameworks/Foundation.framework; sourceTree = SDKROOT; };
		431F17C71826432A006FCF12 /* CoreGraphics.framework */ = {isa = PBXFileReference; lastKnownFileType = wrapper.framework; name = CoreGraphics.framework; path = System/Library/Frameworks/CoreGraphics.framework; sourceTree = SDKROOT; };
		431F17C91826432A006FCF12 /* UIKit.framework */ = {isa = PBXFileReference; lastKnownFileType = wrapper.framework; name = UIKit.framework; path = System/Library/Frameworks/UIKit.framework; sourceTree = SDKROOT; };
		431F17CD1826432A006FCF12 /* Basic-Info.plist */ = {isa = PBXFileReference; lastKnownFileType = text.plist.xml; path = "Basic-Info.plist"; sourceTree = "<group>"; };
		431F17CF1826432A006FCF12 /* en */ = {isa = PBXFileReference; lastKnownFileType = text.plist.strings; name = en; path = en.lproj/InfoPlist.strings; sourceTree = "<group>"; };
		431F17D11826432A006FCF12 /* main.m */ = {isa = PBXFileReference; lastKnownFileType = sourcecode.c.objc; path = main.m; sourceTree = "<group>"; };
		431F17D31826432A006FCF12 /* Basic-Prefix.pch */ = {isa = PBXFileReference; lastKnownFileType = sourcecode.c.h; path = "Basic-Prefix.pch"; sourceTree = "<group>"; };
		431F17D41826432A006FCF12 /* TNAppDelegate.h */ = {isa = PBXFileReference; lastKnownFileType = sourcecode.c.h; path = TNAppDelegate.h; sourceTree = "<group>"; };
		431F17D51826432A006FCF12 /* TNAppDelegate.m */ = {isa = PBXFileReference; lastKnownFileType = sourcecode.c.objc; path = TNAppDelegate.m; sourceTree = "<group>"; };
		431F17DA1826432A006FCF12 /* TNViewController.h */ = {isa = PBXFileReference; lastKnownFileType = sourcecode.c.h; path = TNViewController.h; sourceTree = "<group>"; };
		431F17DB1826432A006FCF12 /* TNViewController.m */ = {isa = PBXFileReference; lastKnownFileType = sourcecode.c.objc; path = TNViewController.m; sourceTree = "<group>"; };
		431F17E41826432A006FCF12 /* XCTest.framework */ = {isa = PBXFileReference; lastKnownFileType = wrapper.framework; name = XCTest.framework; path = Library/Frameworks/XCTest.framework; sourceTree = DEVELOPER_DIR; };
		431F180818264507006FCF12 /* libMiraiTests.so */ = {isa = PBXFileReference; explicitFileType = "compiled.mach-o.dylib"; includeInIndex = 0; path = libMiraiTests.so; sourceTree = BUILT_PRODUCTS_DIR; };
		432077E0185313EA00166514 /* QuartzCore.framework */ = {isa = PBXFileReference; lastKnownFileType = wrapper.framework; name = QuartzCore.framework; path = System/Library/Frameworks/QuartzCore.framework; sourceTree = SDKROOT; };
		432FF2AE18574966005486C5 /* TNCustomView.h */ = {isa = PBXFileReference; fileEncoding = 4; lastKnownFileType = sourcecode.c.h; path = TNCustomView.h; sourceTree = "<group>"; };
		432FF2AF18574966005486C5 /* TNCustomView.m */ = {isa = PBXFileReference; fileEncoding = 4; lastKnownFileType = sourcecode.c.objc; path = TNCustomView.m; sourceTree = "<group>"; };
		4344054719BB0E1E00B4DADE /* MainHActivity.java */ = {isa = PBXFileReference; lastKnownFileType = sourcecode.java; name = MainHActivity.java; path = "MiraiTests-android/src/org/tiny4/MiraiTests/MainHActivity.java"; sourceTree = "<group>"; };
		4344054A19BB0E2900B4DADE /* AndroidManifest.xml */ = {isa = PBXFileReference; lastKnownFileType = text.xml; name = AndroidManifest.xml; path = "MiraiTests-android/AndroidManifest.xml"; sourceTree = "<group>"; };
		4344054B19BB0E3D00B4DADE /* Android.mk */ = {isa = PBXFileReference; lastKnownFileType = text; name = Android.mk; path = "MiraiTests-android/jni/Android.mk"; sourceTree = "<group>"; };
		4345707619E6857A00BF1CA8 /* TNCGImageResultViewController.h */ = {isa = PBXFileReference; fileEncoding = 4; lastKnownFileType = sourcecode.c.h; path = TNCGImageResultViewController.h; sourceTree = "<group>"; };
		4345707719E6857A00BF1CA8 /* TNCGImageResultViewController.m */ = {isa = PBXFileReference; fileEncoding = 4; lastKnownFileType = sourcecode.c.objc; path = TNCGImageResultViewController.m; sourceTree = "<group>"; };
		4345707E19E6B80B00BF1CA8 /* TNClipsToBoundsTestViewController.h */ = {isa = PBXFileReference; fileEncoding = 4; lastKnownFileType = sourcecode.c.h; path = TNClipsToBoundsTestViewController.h; sourceTree = "<group>"; };
		4345707F19E6B80B00BF1CA8 /* TNClipsToBoundsTestViewController.m */ = {isa = PBXFileReference; fileEncoding = 4; lastKnownFileType = sourcecode.c.objc; path = TNClipsToBoundsTestViewController.m; sourceTree = "<group>"; };
		434DAE3D19911F2C00DE5C14 /* TNGestureRecognizerViewController.h */ = {isa = PBXFileReference; fileEncoding = 4; lastKnownFileType = sourcecode.c.h; path = TNGestureRecognizerViewController.h; sourceTree = "<group>"; };
		434DAE3E19911F2C00DE5C14 /* TNGestureRecognizerViewController.m */ = {isa = PBXFileReference; fileEncoding = 4; lastKnownFileType = sourcecode.c.objc; path = TNGestureRecognizerViewController.m; sourceTree = "<group>"; };
		434DAE431991203D00DE5C14 /* TNRotationTestViewController.h */ = {isa = PBXFileReference; fileEncoding = 4; lastKnownFileType = sourcecode.c.h; path = TNRotationTestViewController.h; sourceTree = "<group>"; };
		434DAE441991203D00DE5C14 /* TNRotationTestViewController.m */ = {isa = PBXFileReference; fileEncoding = 4; lastKnownFileType = sourcecode.c.objc; path = TNRotationTestViewController.m; sourceTree = "<group>"; };
		434DAE471991206B00DE5C14 /* TNPinchAndRotationViewController.h */ = {isa = PBXFileReference; fileEncoding = 4; lastKnownFileType = sourcecode.c.h; path = TNPinchAndRotationViewController.h; sourceTree = "<group>"; };
		434DAE481991206B00DE5C14 /* TNPinchAndRotationViewController.m */ = {isa = PBXFileReference; fileEncoding = 4; lastKnownFileType = sourcecode.c.objc; path = TNPinchAndRotationViewController.m; sourceTree = "<group>"; };
		436D4A5719F241A600F6F8F9 /* TNTouchesCancelTestViewController.h */ = {isa = PBXFileReference; fileEncoding = 4; lastKnownFileType = sourcecode.c.h; path = TNTouchesCancelTestViewController.h; sourceTree = "<group>"; };
		436D4A5819F241A600F6F8F9 /* TNTouchesCancelTestViewController.m */ = {isa = PBXFileReference; fileEncoding = 4; lastKnownFileType = sourcecode.c.objc; path = TNTouchesCancelTestViewController.m; sourceTree = "<group>"; };
		436D4A5E19F25E5300F6F8F9 /* TNWebViewTestViewController.h */ = {isa = PBXFileReference; fileEncoding = 4; lastKnownFileType = sourcecode.c.h; path = TNWebViewTestViewController.h; sourceTree = "<group>"; };
		436D4A5F19F25E5300F6F8F9 /* TNWebViewTestViewController.m */ = {isa = PBXFileReference; fileEncoding = 4; lastKnownFileType = sourcecode.c.objc; path = TNWebViewTestViewController.m; sourceTree = "<group>"; };
		43755F5519F7B95000DDF655 /* CocoaActivity.java */ = {isa = PBXFileReference; lastKnownFileType = sourcecode.java; path = CocoaActivity.java; sourceTree = "<group>"; };
		43755F5619F7B95000DDF655 /* MovieRender.java */ = {isa = PBXFileReference; lastKnownFileType = sourcecode.java; path = MovieRender.java; sourceTree = "<group>"; };
		4384062F1881571F000D092C /* CoreText.framework */ = {isa = PBXFileReference; lastKnownFileType = wrapper.framework; name = CoreText.framework; path = System/Library/Frameworks/CoreText.framework; sourceTree = SDKROOT; };
		4392238919EFB7DA00C8420A /* TNScrollViewNestingTestViewController.h */ = {isa = PBXFileReference; fileEncoding = 4; lastKnownFileType = sourcecode.c.h; path = TNScrollViewNestingTestViewController.h; sourceTree = "<group>"; };
		4392238A19EFB7DA00C8420A /* TNScrollViewNestingTestViewController.m */ = {isa = PBXFileReference; fileEncoding = 4; lastKnownFileType = sourcecode.c.objc; path = TNScrollViewNestingTestViewController.m; sourceTree = "<group>"; };
		43972D7119932A7500EDD603 /* TNRunloopTestViewController.h */ = {isa = PBXFileReference; fileEncoding = 4; lastKnownFileType = sourcecode.c.h; path = TNRunloopTestViewController.h; sourceTree = "<group>"; };
		43972D7219932A7500EDD603 /* TNRunloopTestViewController.m */ = {isa = PBXFileReference; fileEncoding = 4; lastKnownFileType = sourcecode.c.objc; path = TNRunloopTestViewController.m; sourceTree = "<group>"; };
		43972D7519934A7800EDD603 /* TNTestCase.h */ = {isa = PBXFileReference; fileEncoding = 4; lastKnownFileType = sourcecode.c.h; path = TNTestCase.h; sourceTree = "<group>"; };
		43972D7619934A7800EDD603 /* TNTestCase.m */ = {isa = PBXFileReference; fileEncoding = 4; lastKnownFileType = sourcecode.c.objc; path = TNTestCase.m; sourceTree = "<group>"; };
		43972E0A19936F6100EDD603 /* TNTapGestureTestViewController.h */ = {isa = PBXFileReference; fileEncoding = 4; lastKnownFileType = sourcecode.c.h; path = TNTapGestureTestViewController.h; sourceTree = "<group>"; };
		43972E0B19936F6100EDD603 /* TNTapGestureTestViewController.m */ = {isa = PBXFileReference; fileEncoding = 4; lastKnownFileType = sourcecode.c.objc; path = TNTapGestureTestViewController.m; sourceTree = "<group>"; };
		43972E101995044C00EDD603 /* TNMultiGestureTestViewController.h */ = {isa = PBXFileReference; fileEncoding = 4; lastKnownFileType = sourcecode.c.h; path = TNMultiGestureTestViewController.h; sourceTree = "<group>"; };
		43972E111995044C00EDD603 /* TNMultiGestureTestViewController.m */ = {isa = PBXFileReference; fileEncoding = 4; lastKnownFileType = sourcecode.c.objc; path = TNMultiGestureTestViewController.m; sourceTree = "<group>"; };
		439A73D418E918AD00B1BE40 /* TNButtonTestViewController.h */ = {isa = PBXFileReference; fileEncoding = 4; lastKnownFileType = sourcecode.c.h; path = TNButtonTestViewController.h; sourceTree = "<group>"; };
		439A73D518E918AD00B1BE40 /* TNButtonTestViewController.m */ = {isa = PBXFileReference; fileEncoding = 4; lastKnownFileType = sourcecode.c.objc; path = TNButtonTestViewController.m; sourceTree = "<group>"; };
		43A8F06E19DEF67500AF4CAD /* NBRadialGradientLayer.h */ = {isa = PBXFileReference; fileEncoding = 4; lastKnownFileType = sourcecode.c.h; path = NBRadialGradientLayer.h; sourceTree = "<group>"; };
		43A8F06F19DEF67500AF4CAD /* NBRadialGradientLayer.m */ = {isa = PBXFileReference; fileEncoding = 4; lastKnownFileType = sourcecode.c.objc; path = NBRadialGradientLayer.m; sourceTree = "<group>"; };
		43A8F07419DEF6A600AF4CAD /* TNPCTestViewController.h */ = {isa = PBXFileReference; fileEncoding = 4; lastKnownFileType = sourcecode.c.h; path = TNPCTestViewController.h; sourceTree = "<group>"; };
		43A8F07519DEF6A600AF4CAD /* TNPCTestViewController.m */ = {isa = PBXFileReference; fileEncoding = 4; lastKnownFileType = sourcecode.c.objc; path = TNPCTestViewController.m; sourceTree = "<group>"; };
		43A8F07819DEFECA00AF4CAD /* TNNotARCSubclass.h */ = {isa = PBXFileReference; fileEncoding = 4; lastKnownFileType = sourcecode.c.h; path = TNNotARCSubclass.h; sourceTree = "<group>"; };
		43A8F07919DEFECA00AF4CAD /* TNNotARCSubclass.m */ = {isa = PBXFileReference; fileEncoding = 4; lastKnownFileType = sourcecode.c.objc; path = TNNotARCSubclass.m; sourceTree = "<group>"; };
		43A8F08019E01D6D00AF4CAD /* NBSSAnimation.h */ = {isa = PBXFileReference; fileEncoding = 4; lastKnownFileType = sourcecode.c.h; path = NBSSAnimation.h; sourceTree = "<group>"; };
		43A8F08119E01D6D00AF4CAD /* NBSSAnimation.m */ = {isa = PBXFileReference; fileEncoding = 4; lastKnownFileType = sourcecode.c.objc; path = NBSSAnimation.m; sourceTree = "<group>"; };
		43A8F0D819E2451D00AF4CAD /* TNLayerKeyPathTestViewController.h */ = {isa = PBXFileReference; fileEncoding = 4; lastKnownFileType = sourcecode.c.h; path = TNLayerKeyPathTestViewController.h; sourceTree = "<group>"; };
		43A8F0D919E2451D00AF4CAD /* TNLayerKeyPathTestViewController.m */ = {isa = PBXFileReference; fileEncoding = 4; lastKnownFileType = sourcecode.c.objc; path = TNLayerKeyPathTestViewController.m; sourceTree = "<group>"; };
		43CAE9DA19AC779100B0AA8F /* 34912115.jpg */ = {isa = PBXFileReference; lastKnownFileType = image.jpeg; path = 34912115.jpg; sourceTree = "<group>"; };
		43CAE9DB19AC779100B0AA8F /* kiniromosaic001.jpg */ = {isa = PBXFileReference; lastKnownFileType = image.jpeg; path = kiniromosaic001.jpg; sourceTree = "<group>"; };
		43CAE9E319ADA0F300B0AA8F /* TNScrollViewPagingTestViewController.h */ = {isa = PBXFileReference; fileEncoding = 4; lastKnownFileType = sourcecode.c.h; path = TNScrollViewPagingTestViewController.h; sourceTree = "<group>"; };
		43CAE9E419ADA0F300B0AA8F /* TNScrollViewPagingTestViewController.m */ = {isa = PBXFileReference; fileEncoding = 4; lastKnownFileType = sourcecode.c.objc; path = TNScrollViewPagingTestViewController.m; sourceTree = "<group>"; };
		43CAE9F319B01E0200B0AA8F /* TNRGBATestViewController.h */ = {isa = PBXFileReference; fileEncoding = 4; lastKnownFileType = sourcecode.c.h; path = TNRGBATestViewController.h; sourceTree = "<group>"; };
		43CAE9F419B01E0200B0AA8F /* TNRGBATestViewController.m */ = {isa = PBXFileReference; fileEncoding = 4; lastKnownFileType = sourcecode.c.objc; path = TNRGBATestViewController.m; sourceTree = "<group>"; };
		43CAEA4E19B0AE4400B0AA8F /* libObjectiveZip.so */ = {isa = PBXFileReference; lastKnownFileType = file; name = libObjectiveZip.so; path = "../../toolchain/android/android-toolchain-arm/sysroot/usr/lib/libObjectiveZip.so"; sourceTree = "<group>"; };
		43D475C519C985C500B6E475 /* TNPresentTestViewController.h */ = {isa = PBXFileReference; fileEncoding = 4; lastKnownFileType = sourcecode.c.h; path = TNPresentTestViewController.h; sourceTree = "<group>"; };
		43D475C619C985C500B6E475 /* TNPresentTestViewController.m */ = {isa = PBXFileReference; fileEncoding = 4; lastKnownFileType = sourcecode.c.objc; path = TNPresentTestViewController.m; sourceTree = "<group>"; };
		43DD64B21990BD06000884BA /* TNTouchsTestViewController.h */ = {isa = PBXFileReference; fileEncoding = 4; lastKnownFileType = sourcecode.c.h; path = TNTouchsTestViewController.h; sourceTree = "<group>"; };
		43DD64B31990BD06000884BA /* TNTouchsTestViewController.m */ = {isa = PBXFileReference; fileEncoding = 4; lastKnownFileType = sourcecode.c.objc; path = TNTouchsTestViewController.m; sourceTree = "<group>"; };
		43DD64BB1990DAEE000884BA /* TNPinchTestViewController.h */ = {isa = PBXFileReference; fileEncoding = 4; lastKnownFileType = sourcecode.c.h; path = TNPinchTestViewController.h; sourceTree = "<group>"; };
		43DD64BC1990DAEE000884BA /* TNPinchTestViewController.m */ = {isa = PBXFileReference; fileEncoding = 4; lastKnownFileType = sourcecode.c.objc; path = TNPinchTestViewController.m; sourceTree = "<group>"; };
		43E3426A18F433D800463092 /* TNImageTestViewController.h */ = {isa = PBXFileReference; fileEncoding = 4; lastKnownFileType = sourcecode.c.h; path = TNImageTestViewController.h; sourceTree = "<group>"; };
		43E3426B18F433D800463092 /* TNImageTestViewController.m */ = {isa = PBXFileReference; fileEncoding = 4; lastKnownFileType = sourcecode.c.objc; path = TNImageTestViewController.m; sourceTree = "<group>"; };
		43E3428118F5730600463092 /* TNScrollTestViewController.h */ = {isa = PBXFileReference; fileEncoding = 4; lastKnownFileType = sourcecode.c.h; path = TNScrollTestViewController.h; sourceTree = "<group>"; };
		43E3428218F5730600463092 /* TNScrollTestViewController.m */ = {isa = PBXFileReference; fileEncoding = 4; lastKnownFileType = sourcecode.c.objc; path = TNScrollTestViewController.m; sourceTree = "<group>"; };
		43E3428518F573F000463092 /* TNTestViewController.h */ = {isa = PBXFileReference; fileEncoding = 4; lastKnownFileType = sourcecode.c.h; path = TNTestViewController.h; sourceTree = "<group>"; };
		43E3428618F573F000463092 /* TNTestViewController.m */ = {isa = PBXFileReference; fileEncoding = 4; lastKnownFileType = sourcecode.c.objc; path = TNTestViewController.m; sourceTree = "<group>"; };
		43E7C97A196C40C70067C3A7 /* TNShapeLayerTestViewController.h */ = {isa = PBXFileReference; fileEncoding = 4; lastKnownFileType = sourcecode.c.h; path = TNShapeLayerTestViewController.h; sourceTree = "<group>"; };
		43E7C97B196C40C70067C3A7 /* TNShapeLayerTestViewController.m */ = {isa = PBXFileReference; fileEncoding = 4; lastKnownFileType = sourcecode.c.objc; path = TNShapeLayerTestViewController.m; sourceTree = "<group>"; };
		43E7C988196E50470067C3A7 /* TNCGTestViewController.h */ = {isa = PBXFileReference; fileEncoding = 4; lastKnownFileType = sourcecode.c.h; path = TNCGTestViewController.h; sourceTree = "<group>"; };
		43E7C989196E50470067C3A7 /* TNCGTestViewController.m */ = {isa = PBXFileReference; fileEncoding = 4; lastKnownFileType = sourcecode.c.objc; path = TNCGTestViewController.m; sourceTree = "<group>"; };
		43E845791A03702400DBABDE /* GLWebViewRender.java */ = {isa = PBXFileReference; lastKnownFileType = sourcecode.java; path = GLWebViewRender.java; sourceTree = "<group>"; };
		43E8457C1A03702E00DBABDE /* GLViewRender.java */ = {isa = PBXFileReference; lastKnownFileType = sourcecode.java; path = GLViewRender.java; sourceTree = "<group>"; };
		43F91D3E1987E90C009E154D /* TNLayerTestViewController.h */ = {isa = PBXFileReference; fileEncoding = 4; lastKnownFileType = sourcecode.c.h; path = TNLayerTestViewController.h; sourceTree = "<group>"; };
		43F91D3F1987E90C009E154D /* TNLayerTestViewController.m */ = {isa = PBXFileReference; fileEncoding = 4; lastKnownFileType = sourcecode.c.objc; path = TNLayerTestViewController.m; sourceTree = "<group>"; };
		43F91D441987EA33009E154D /* TNLayerTransformTestViewController.h */ = {isa = PBXFileReference; fileEncoding = 4; lastKnownFileType = sourcecode.c.h; path = TNLayerTransformTestViewController.h; sourceTree = "<group>"; };
		43F91D451987EA33009E154D /* TNLayerTransformTestViewController.m */ = {isa = PBXFileReference; fileEncoding = 4; lastKnownFileType = sourcecode.c.objc; path = TNLayerTransformTestViewController.m; sourceTree = "<group>"; };
		43F962F31982599400530F4F /* TNMediaPlayerTestViewController.h */ = {isa = PBXFileReference; fileEncoding = 4; lastKnownFileType = sourcecode.c.h; path = TNMediaPlayerTestViewController.h; sourceTree = "<group>"; };
		43F962F41982599400530F4F /* TNMediaPlayerTestViewController.m */ = {isa = PBXFileReference; fileEncoding = 4; lastKnownFileType = sourcecode.c.objc; path = TNMediaPlayerTestViewController.m; sourceTree = "<group>"; };
		43F962F719825A1600530F4F /* MediaPlayer.framework */ = {isa = PBXFileReference; lastKnownFileType = wrapper.framework; name = MediaPlayer.framework; path = System/Library/Frameworks/MediaPlayer.framework; sourceTree = SDKROOT; };
		43FC616019FB6319008229CB /* GLWebView.java */ = {isa = PBXFileReference; lastKnownFileType = sourcecode.java; path = GLWebView.java; sourceTree = "<group>"; };
/* End PBXFileReference section */

/* Begin PBXFrameworksBuildPhase section */
		431F17BF1826432A006FCF12 /* Frameworks */ = {
			isa = PBXFrameworksBuildPhase;
			buildActionMask = 2147483647;
			files = (
				431F17C81826432A006FCF12 /* CoreGraphics.framework in Frameworks */,
				431F17C61826432A006FCF12 /* Foundation.framework in Frameworks */,
			);
			runOnlyForDeploymentPostprocessing = 0;
		};
		431F17FF18264507006FCF12 /* Frameworks */ = {
			isa = PBXFrameworksBuildPhase;
			buildActionMask = 2147483647;
			files = (
				43F962F819825A1600530F4F /* MediaPlayer.framework in Frameworks */,
				43ECCF051851936B0076535C /* UIKit.framework in Frameworks */,
				43013A551923509900EC5B20 /* CoreFoundation.framework in Frameworks */,
				4384064918816CA4000D092C /* CoreGraphics.framework in Frameworks */,
				438406301881571F000D092C /* CoreText.framework in Frameworks */,
				432077E1185313EA00166514 /* QuartzCore.framework in Frameworks */,
			);
			runOnlyForDeploymentPostprocessing = 0;
		};
/* End PBXFrameworksBuildPhase section */

/* Begin PBXGroup section */
		04ADB2DB1998C01A005833EF /* Products */ = {
			isa = PBXGroup;
			children = (
				04ADB2E01998C01A005833EF /* UIKit.framework */,
				04ADB2E21998C01A005833EF /* UIKitTests.xctest */,
			);
			name = Products;
			sourceTree = "<group>";
		};
		43081F8A1967F16100355FC5 /* Tests */ = {
			isa = PBXGroup;
			children = (
				43972D7519934A7800EDD603 /* TNTestCase.h */,
				43972D7619934A7800EDD603 /* TNTestCase.m */,
				43E3428518F573F000463092 /* TNTestViewController.h */,
				43E3428618F573F000463092 /* TNTestViewController.m */,
				43A8F07419DEF6A600AF4CAD /* TNPCTestViewController.h */,
				43A8F07519DEF6A600AF4CAD /* TNPCTestViewController.m */,
				43A8F07819DEFECA00AF4CAD /* TNNotARCSubclass.h */,
				43A8F07919DEFECA00AF4CAD /* TNNotARCSubclass.m */,
				43A8F06E19DEF67500AF4CAD /* NBRadialGradientLayer.h */,
				43A8F06F19DEF67500AF4CAD /* NBRadialGradientLayer.m */,
				43A8F08019E01D6D00AF4CAD /* NBSSAnimation.h */,
				43A8F08119E01D6D00AF4CAD /* NBSSAnimation.m */,
				4345707319E6850A00BF1CA8 /* CoreGraphics */,
				43CAE9F219B01DBC00B0AA8F /* ColorChannel */,
				43972D6E19932A5B00EDD603 /* Runloop */,
				43DD64B81990DAD7000884BA /* GestureRecognizer */,
				43DD64AF1990BCF2000884BA /* Touch */,
				43F962F21982597800530F4F /* MediaPlayer */,
				43098C77197ACAB8005A97A1 /* CoreText */,
				43098C271978C1EE005A97A1 /* ViewController */,
				43E7C979196C40AA0067C3A7 /* Layer */,
				43081FA71968170500355FC5 /* UIView */,
				43081F9E196812ED00355FC5 /* UIAlertView */,
				43081F8C1967F17A00355FC5 /* UILabel */,
				43081F901967F1AB00355FC5 /* UIButton */,
				43081F911967F1C200355FC5 /* UIImage */,
				43081F921967F1CA00355FC5 /* UIScrollView */,
				43081F94196811D800355FC5 /* Animation */,
				43081F981968127D00355FC5 /* UITableView */,
				436D4A5D19F25E4200F6F8F9 /* UIWebView */,
			);
			name = Tests;
			sourceTree = "<group>";
		};
		43081F8C1967F17A00355FC5 /* UILabel */ = {
			isa = PBXGroup;
			children = (
				43081F8D1967F19500355FC5 /* TNLabelTestViewController.h */,
				43081F8E1967F19500355FC5 /* TNLabelTestViewController.m */,
			);
			name = UILabel;
			sourceTree = "<group>";
		};
		43081F901967F1AB00355FC5 /* UIButton */ = {
			isa = PBXGroup;
			children = (
				439A73D418E918AD00B1BE40 /* TNButtonTestViewController.h */,
				439A73D518E918AD00B1BE40 /* TNButtonTestViewController.m */,
			);
			name = UIButton;
			sourceTree = "<group>";
		};
		43081F911967F1C200355FC5 /* UIImage */ = {
			isa = PBXGroup;
			children = (
				43E3426A18F433D800463092 /* TNImageTestViewController.h */,
				43E3426B18F433D800463092 /* TNImageTestViewController.m */,
			);
			name = UIImage;
			sourceTree = "<group>";
		};
		43081F921967F1CA00355FC5 /* UIScrollView */ = {
			isa = PBXGroup;
			children = (
				43E3428118F5730600463092 /* TNScrollTestViewController.h */,
				43E3428218F5730600463092 /* TNScrollTestViewController.m */,
				4392238919EFB7DA00C8420A /* TNScrollViewNestingTestViewController.h */,
				4392238A19EFB7DA00C8420A /* TNScrollViewNestingTestViewController.m */,
				4345707E19E6B80B00BF1CA8 /* TNClipsToBoundsTestViewController.h */,
				4345707F19E6B80B00BF1CA8 /* TNClipsToBoundsTestViewController.m */,
				43CAE9E319ADA0F300B0AA8F /* TNScrollViewPagingTestViewController.h */,
				43CAE9E419ADA0F300B0AA8F /* TNScrollViewPagingTestViewController.m */,
			);
			name = UIScrollView;
			sourceTree = "<group>";
		};
		43081F94196811D800355FC5 /* Animation */ = {
			isa = PBXGroup;
			children = (
				43081F95196811ED00355FC5 /* TNAnimationTestViewController.h */,
				43081F96196811ED00355FC5 /* TNAnimationTestViewController.m */,
			);
			name = Animation;
			sourceTree = "<group>";
		};
		43081F981968127D00355FC5 /* UITableView */ = {
			isa = PBXGroup;
			children = (
				43081F991968129200355FC5 /* TNTableViewTestController.h */,
				43081F9A1968129200355FC5 /* TNTableViewTestController.m */,
			);
			name = UITableView;
			sourceTree = "<group>";
		};
		43081F9E196812ED00355FC5 /* UIAlertView */ = {
			isa = PBXGroup;
			children = (
				43081F9F1968130300355FC5 /* TNAlertViewTestViewController.h */,
				43081FA01968130300355FC5 /* TNAlertViewTestViewController.m */,
			);
			name = UIAlertView;
			sourceTree = "<group>";
		};
		43081FA71968170500355FC5 /* UIView */ = {
			isa = PBXGroup;
			children = (
				432FF2AE18574966005486C5 /* TNCustomView.h */,
				432FF2AF18574966005486C5 /* TNCustomView.m */,
				43081FA31968170000355FC5 /* TNViewTestViewController.h */,
				43081FA41968170000355FC5 /* TNViewTestViewController.m */,
			);
			name = UIView;
			sourceTree = "<group>";
		};
		43098C271978C1EE005A97A1 /* ViewController */ = {
			isa = PBXGroup;
			children = (
				43D475C219C985AA00B6E475 /* Present Test */,
				43098C291978C21C005A97A1 /* TNVCTestViewController.h */,
				43098C2A1978C21C005A97A1 /* TNVCTestViewController.m */,
				43098C2E1978FC45005A97A1 /* TNPresentedContentViewController.h */,
				43098C2F1978FC45005A97A1 /* TNPresentedContentViewController.m */,
			);
			name = ViewController;
			sourceTree = "<group>";
		};
		43098C77197ACAB8005A97A1 /* CoreText */ = {
			isa = PBXGroup;
			children = (
				43098C79197ACAE6005A97A1 /* TNCTTestViewController.h */,
				43098C7A197ACAE6005A97A1 /* TNCTTestViewController.m */,
				43098C7D197ACB24005A97A1 /* TNCTView.h */,
				43098C7E197ACB24005A97A1 /* TNCTView.m */,
			);
			name = CoreText;
			sourceTree = "<group>";
		};
		431F17B91826432A006FCF12 = {
			isa = PBXGroup;
			children = (
				431F17CB1826432A006FCF12 /* Basic */,
				431F17C41826432A006FCF12 /* Frameworks */,
				431F17C31826432A006FCF12 /* Products */,
				431F180A18264528006FCF12 /* MiraiTests-Android */,
			);
			sourceTree = "<group>";
		};
		431F17C31826432A006FCF12 /* Products */ = {
			isa = PBXGroup;
			children = (
				431F17C21826432A006FCF12 /* MiraiTests.app */,
				431F180818264507006FCF12 /* libMiraiTests.so */,
			);
			name = Products;
			sourceTree = "<group>";
		};
		431F17C41826432A006FCF12 /* Frameworks */ = {
			isa = PBXGroup;
			children = (
				04ADB2DA1998C01A005833EF /* UIKit.xcodeproj */,
				43F962F719825A1600530F4F /* MediaPlayer.framework */,
				43013A541923509900EC5B20 /* CoreFoundation.framework */,
				4384062F1881571F000D092C /* CoreText.framework */,
				432077E0185313EA00166514 /* QuartzCore.framework */,
				431F17C51826432A006FCF12 /* Foundation.framework */,
				431F17C71826432A006FCF12 /* CoreGraphics.framework */,
				431F17C91826432A006FCF12 /* UIKit.framework */,
				431F17E41826432A006FCF12 /* XCTest.framework */,
			);
			name = Frameworks;
			sourceTree = "<group>";
		};
		431F17CB1826432A006FCF12 /* Basic */ = {
			isa = PBXGroup;
			children = (
				431F17D41826432A006FCF12 /* TNAppDelegate.h */,
				431F17D51826432A006FCF12 /* TNAppDelegate.m */,
				431F17DA1826432A006FCF12 /* TNViewController.h */,
				431F17DB1826432A006FCF12 /* TNViewController.m */,
				43081F8A1967F16100355FC5 /* Tests */,
				431F17CC1826432A006FCF12 /* Supporting Files */,
			);
			path = Basic;
			sourceTree = "<group>";
		};
		431F17CC1826432A006FCF12 /* Supporting Files */ = {
			isa = PBXGroup;
			children = (
				43CAE9DA19AC779100B0AA8F /* 34912115.jpg */,
				43CAE9DB19AC779100B0AA8F /* kiniromosaic001.jpg */,
				431F17CD1826432A006FCF12 /* Basic-Info.plist */,
				431F17CE1826432A006FCF12 /* InfoPlist.strings */,
				431F17D11826432A006FCF12 /* main.m */,
				431F17D31826432A006FCF12 /* Basic-Prefix.pch */,
			);
			name = "Supporting Files";
			sourceTree = "<group>";
		};
		431F180A18264528006FCF12 /* MiraiTests-Android */ = {
			isa = PBXGroup;
			children = (
				43755F5419F7B95000DDF655 /* CocoaActivity */,
				4301394D19225B6300EC5B20 /* Android.xcconfig */,
				4344054B19BB0E3D00B4DADE /* Android.mk */,
				4344054A19BB0E2900B4DADE /* AndroidManifest.xml */,
				4344054719BB0E1E00B4DADE /* MainHActivity.java */,
				431F182718264D96006FCF12 /* Frameworks */,
				431F182818264DA8006FCF12 /* Platform sources */,
			);
			name = "MiraiTests-Android";
			sourceTree = "<group>";
		};
		431F182718264D96006FCF12 /* Frameworks */ = {
			isa = PBXGroup;
			children = (
				040872451997C51600348AFC /* libMediaPlayer.so */,
				43CAEA4E19B0AE4400B0AA8F /* libObjectiveZip.so */,
				040872461997C52000348AFC /* libTNJavaHelper.so */,
				040872471997C52800348AFC /* libCoreText.so */,
				040872481997C53000348AFC /* libCoreGraphics.so */,
				040872491997C53A00348AFC /* libQuartzCore.so */,
				040872431997C4FF00348AFC /* libgnustep-corebase.so */,
				040872441997C50900348AFC /* libgnustl_shared.so */,
				0408723E1997C49200348AFC /* libdispatch.so */,
				040872421997C4F200348AFC /* libOpenGLES.so */,
				040872411997C4E900348AFC /* libUIKit.so */,
				040872401997C4DA00348AFC /* libgnustep-base.so */,
				0408723F1997C4D000348AFC /* libobjc.so */,
			);
			name = Frameworks;
			sourceTree = "<group>";
		};
		431F182818264DA8006FCF12 /* Platform sources */ = {
			isa = PBXGroup;
			children = (
			);
			name = "Platform sources";
			sourceTree = "<group>";
		};
		4345707319E6850A00BF1CA8 /* CoreGraphics */ = {
			isa = PBXGroup;
			children = (
				43E7C988196E50470067C3A7 /* TNCGTestViewController.h */,
				43E7C989196E50470067C3A7 /* TNCGTestViewController.m */,
				4345707619E6857A00BF1CA8 /* TNCGImageResultViewController.h */,
				4345707719E6857A00BF1CA8 /* TNCGImageResultViewController.m */,
			);
			name = CoreGraphics;
			sourceTree = "<group>";
		};
		436D4A5D19F25E4200F6F8F9 /* UIWebView */ = {
			isa = PBXGroup;
			children = (
				436D4A5E19F25E5300F6F8F9 /* TNWebViewTestViewController.h */,
				436D4A5F19F25E5300F6F8F9 /* TNWebViewTestViewController.m */,
			);
			name = UIWebView;
			sourceTree = "<group>";
		};
		43755F5419F7B95000DDF655 /* CocoaActivity */ = {
			isa = PBXGroup;
			children = (
				43E8457C1A03702E00DBABDE /* GLViewRender.java */,
				43E845791A03702400DBABDE /* GLWebViewRender.java */,
				43FC616019FB6319008229CB /* GLWebView.java */,
				43755F5519F7B95000DDF655 /* CocoaActivity.java */,
				43755F5619F7B95000DDF655 /* MovieRender.java */,
			);
			name = CocoaActivity;
			path = "MiraiTests-android/src/org/tiny4/CocoaActivity";
			sourceTree = "<group>";
		};
		43972D6E19932A5B00EDD603 /* Runloop */ = {
			isa = PBXGroup;
			children = (
				43972D7119932A7500EDD603 /* TNRunloopTestViewController.h */,
				43972D7219932A7500EDD603 /* TNRunloopTestViewController.m */,
			);
			name = Runloop;
			sourceTree = "<group>";
		};
		43CAE9F219B01DBC00B0AA8F /* ColorChannel */ = {
			isa = PBXGroup;
			children = (
				43CAE9F319B01E0200B0AA8F /* TNRGBATestViewController.h */,
				43CAE9F419B01E0200B0AA8F /* TNRGBATestViewController.m */,
			);
			name = ColorChannel;
			sourceTree = "<group>";
		};
		43D475C219C985AA00B6E475 /* Present Test */ = {
			isa = PBXGroup;
			children = (
				43D475C519C985C500B6E475 /* TNPresentTestViewController.h */,
				43D475C619C985C500B6E475 /* TNPresentTestViewController.m */,
			);
			name = "Present Test";
			sourceTree = "<group>";
		};
		43DD64AF1990BCF2000884BA /* Touch */ = {
			isa = PBXGroup;
			children = (
				43DD64B21990BD06000884BA /* TNTouchsTestViewController.h */,
				43DD64B31990BD06000884BA /* TNTouchsTestViewController.m */,
			);
			name = Touch;
			sourceTree = "<group>";
		};
		43DD64B81990DAD7000884BA /* GestureRecognizer */ = {
			isa = PBXGroup;
			children = (
				434DAE3D19911F2C00DE5C14 /* TNGestureRecognizerViewController.h */,
				434DAE3E19911F2C00DE5C14 /* TNGestureRecognizerViewController.m */,
				434DAE471991206B00DE5C14 /* TNPinchAndRotationViewController.h */,
				434DAE481991206B00DE5C14 /* TNPinchAndRotationViewController.m */,
				43DD64BB1990DAEE000884BA /* TNPinchTestViewController.h */,
				43DD64BC1990DAEE000884BA /* TNPinchTestViewController.m */,
				434DAE431991203D00DE5C14 /* TNRotationTestViewController.h */,
				434DAE441991203D00DE5C14 /* TNRotationTestViewController.m */,
				43972E0A19936F6100EDD603 /* TNTapGestureTestViewController.h */,
				43972E0B19936F6100EDD603 /* TNTapGestureTestViewController.m */,
				43972E101995044C00EDD603 /* TNMultiGestureTestViewController.h */,
				43972E111995044C00EDD603 /* TNMultiGestureTestViewController.m */,
				4308706E19CE89A600DEEAC0 /* TNPanGestureTestViewController.h */,
				4308706F19CE89A600DEEAC0 /* TNPanGestureTestViewController.m */,
				436D4A5719F241A600F6F8F9 /* TNTouchesCancelTestViewController.h */,
				436D4A5819F241A600F6F8F9 /* TNTouchesCancelTestViewController.m */,
			);
			name = GestureRecognizer;
			sourceTree = "<group>";
		};
		43E7C979196C40AA0067C3A7 /* Layer */ = {
			isa = PBXGroup;
			children = (
				43E7C97A196C40C70067C3A7 /* TNShapeLayerTestViewController.h */,
				43E7C97B196C40C70067C3A7 /* TNShapeLayerTestViewController.m */,
				43F91D3E1987E90C009E154D /* TNLayerTestViewController.h */,
				43F91D3F1987E90C009E154D /* TNLayerTestViewController.m */,
				43F91D441987EA33009E154D /* TNLayerTransformTestViewController.h */,
				43F91D451987EA33009E154D /* TNLayerTransformTestViewController.m */,
				43A8F0D819E2451D00AF4CAD /* TNLayerKeyPathTestViewController.h */,
				43A8F0D919E2451D00AF4CAD /* TNLayerKeyPathTestViewController.m */,
			);
			name = Layer;
			sourceTree = "<group>";
		};
		43F962F21982597800530F4F /* MediaPlayer */ = {
			isa = PBXGroup;
			children = (
				43F962F31982599400530F4F /* TNMediaPlayerTestViewController.h */,
				43F962F41982599400530F4F /* TNMediaPlayerTestViewController.m */,
			);
			name = MediaPlayer;
			sourceTree = "<group>";
		};
/* End PBXGroup section */

/* Begin PBXNativeTarget section */
		431F17C11826432A006FCF12 /* MiraiTests */ = {
			isa = PBXNativeTarget;
			buildConfigurationList = 431F17F41826432A006FCF12 /* Build configuration list for PBXNativeTarget "MiraiTests" */;
			buildPhases = (
				431F17BE1826432A006FCF12 /* Sources */,
				431F17BF1826432A006FCF12 /* Frameworks */,
				431F17C01826432A006FCF12 /* Resources */,
			);
			buildRules = (
			);
			dependencies = (
			);
			name = MiraiTests;
			productName = SimpleView;
			productReference = 431F17C21826432A006FCF12 /* MiraiTests.app */;
			productType = "com.apple.product-type.application";
		};
		431F17FA18264507006FCF12 /* MiraiTests-Android */ = {
			isa = PBXNativeTarget;
			buildConfigurationList = 431F180518264507006FCF12 /* Build configuration list for PBXNativeTarget "MiraiTests-Android" */;
			buildPhases = (
				431F17FB18264507006FCF12 /* Sources */,
				431F17FF18264507006FCF12 /* Frameworks */,
				431F1838182650B5006FCF12 /* Copy Files (assets) */,
				431F1839182650D4006FCF12 /* Copy Files (libs) */,
				432FF27118570A58005486C5 /* ShellScript */,
			);
			buildRules = (
			);
			dependencies = (
			);
			name = "MiraiTests-Android";
			productName = SimpleView;
			productReference = 431F180818264507006FCF12 /* libMiraiTests.so */;
			productType = "com.apple.product-type.library.dynamic";
		};
/* End PBXNativeTarget section */

/* Begin PBXProject section */
		431F17BA1826432A006FCF12 /* Project object */ = {
			isa = PBXProject;
			attributes = {
				CLASSPREFIX = TN;
				LastUpgradeCheck = 0500;
				ORGANIZATIONNAME = "Shanghai Tinynetwork";
			};
			buildConfigurationList = 431F17BD1826432A006FCF12 /* Build configuration list for PBXProject "MiraiTests" */;
			compatibilityVersion = "Xcode 3.2";
			developmentRegion = English;
			hasScannedForEncodings = 0;
			knownRegions = (
				en,
				Base,
			);
			mainGroup = 431F17B91826432A006FCF12;
			productRefGroup = 431F17C31826432A006FCF12 /* Products */;
			projectDirPath = "";
			projectReferences = (
				{
					ProductGroup = 04ADB2DB1998C01A005833EF /* Products */;
					ProjectRef = 04ADB2DA1998C01A005833EF /* UIKit.xcodeproj */;
				},
			);
			projectRoot = "";
			targets = (
				431F17C11826432A006FCF12 /* MiraiTests */,
				431F17FA18264507006FCF12 /* MiraiTests-Android */,
			);
		};
/* End PBXProject section */

/* Begin PBXReferenceProxy section */
		04ADB2E01998C01A005833EF /* UIKit.framework */ = {
			isa = PBXReferenceProxy;
			fileType = wrapper.framework;
			path = UIKit.framework;
			remoteRef = 04ADB2DF1998C01A005833EF /* PBXContainerItemProxy */;
			sourceTree = BUILT_PRODUCTS_DIR;
		};
		04ADB2E21998C01A005833EF /* UIKitTests.xctest */ = {
			isa = PBXReferenceProxy;
			fileType = wrapper.cfbundle;
			path = UIKitTests.xctest;
			remoteRef = 04ADB2E11998C01A005833EF /* PBXContainerItemProxy */;
			sourceTree = BUILT_PRODUCTS_DIR;
		};
/* End PBXReferenceProxy section */

/* Begin PBXResourcesBuildPhase section */
		431F17C01826432A006FCF12 /* Resources */ = {
			isa = PBXResourcesBuildPhase;
			buildActionMask = 2147483647;
			files = (
				431F17D01826432A006FCF12 /* InfoPlist.strings in Resources */,
				43CAE9DC19AC779100B0AA8F /* 34912115.jpg in Resources */,
				43CAE9DD19AC779100B0AA8F /* kiniromosaic001.jpg in Resources */,
			);
			runOnlyForDeploymentPostprocessing = 0;
		};
/* End PBXResourcesBuildPhase section */

/* Begin PBXShellScriptBuildPhase section */
		432FF27118570A58005486C5 /* ShellScript */ = {
			isa = PBXShellScriptBuildPhase;
			buildActionMask = 2147483647;
			files = (
			);
			inputPaths = (
			);
			outputPaths = (
			);
			runOnlyForDeploymentPostprocessing = 0;
			shellPath = /bin/sh;
			shellScript = "set -e\npushd \"$TARGET_BUILD_DIR/../\"\nPATH=$(bash -l -c 'echo $PATH')\nndk-build\npopd";
		};
/* End PBXShellScriptBuildPhase section */

/* Begin PBXSourcesBuildPhase section */
		431F17BE1826432A006FCF12 /* Sources */ = {
			isa = PBXSourcesBuildPhase;
			buildActionMask = 2147483647;
			files = (
				43972E121995044C00EDD603 /* TNMultiGestureTestViewController.m in Sources */,
				43B6B6531913B9A8005D09ED /* TNImageTestViewController.m in Sources */,
				4392238B19EFB7DA00C8420A /* TNScrollViewNestingTestViewController.m in Sources */,
				43CAE9E519ADA0F300B0AA8F /* TNScrollViewPagingTestViewController.m in Sources */,
				43DD64BD1990DAEE000884BA /* TNPinchTestViewController.m in Sources */,
				4345708019E6B80B00BF1CA8 /* TNClipsToBoundsTestViewController.m in Sources */,
				431F17DC1826432A006FCF12 /* TNViewController.m in Sources */,
				43B6B6551913B9B8005D09ED /* TNTestViewController.m in Sources */,
				43CAE9F519B01E0200B0AA8F /* TNRGBATestViewController.m in Sources */,
				43B6B6511913B9A6005D09ED /* TNButtonTestViewController.m in Sources */,
				43081F9B1968129200355FC5 /* TNTableViewTestController.m in Sources */,
				43A8F08219E01D6D00AF4CAD /* NBSSAnimation.m in Sources */,
				436D4A5919F241A600F6F8F9 /* TNTouchesCancelTestViewController.m in Sources */,
				43098C7B197ACAE6005A97A1 /* TNCTTestViewController.m in Sources */,
				432FF2B018574966005486C5 /* TNCustomView.m in Sources */,
				43081FA11968130300355FC5 /* TNAlertViewTestViewController.m in Sources */,
				431F17D61826432A006FCF12 /* TNAppDelegate.m in Sources */,
				43972E0C19936F6100EDD603 /* TNTapGestureTestViewController.m in Sources */,
				43E7C97C196C40C70067C3A7 /* TNShapeLayerTestViewController.m in Sources */,
				43DD64B41990BD07000884BA /* TNTouchsTestViewController.m in Sources */,
				4345707819E6857A00BF1CA8 /* TNCGImageResultViewController.m in Sources */,
				4308707019CE89A600DEEAC0 /* TNPanGestureTestViewController.m in Sources */,
				43D475C719C985C500B6E475 /* TNPresentTestViewController.m in Sources */,
				43A8F07A19DEFECA00AF4CAD /* TNNotARCSubclass.m in Sources */,
				43F962F51982599400530F4F /* TNMediaPlayerTestViewController.m in Sources */,
				43A8F0DA19E2451D00AF4CAD /* TNLayerKeyPathTestViewController.m in Sources */,
				43F91D401987E90C009E154D /* TNLayerTestViewController.m in Sources */,
				43B6B6541913B9AB005D09ED /* TNScrollTestViewController.m in Sources */,
				43972D7719934A7800EDD603 /* TNTestCase.m in Sources */,
				434DAE491991206B00DE5C14 /* TNPinchAndRotationViewController.m in Sources */,
				43081F8F1967F19500355FC5 /* TNLabelTestViewController.m in Sources */,
				43098C301978FC45005A97A1 /* TNPresentedContentViewController.m in Sources */,
				43F91D461987EA33009E154D /* TNLayerTransformTestViewController.m in Sources */,
				43098C7F197ACB24005A97A1 /* TNCTView.m in Sources */,
				43E7C98A196E50470067C3A7 /* TNCGTestViewController.m in Sources */,
				43081FA51968170000355FC5 /* TNViewTestViewController.m in Sources */,
				43098C2B1978C21C005A97A1 /* TNVCTestViewController.m in Sources */,
				43A8F07019DEF67500AF4CAD /* NBRadialGradientLayer.m in Sources */,
				43A8F07619DEF6A600AF4CAD /* TNPCTestViewController.m in Sources */,
				434DAE451991203D00DE5C14 /* TNRotationTestViewController.m in Sources */,
				436D4A6019F25E5300F6F8F9 /* TNWebViewTestViewController.m in Sources */,
				43972D7319932A7500EDD603 /* TNRunloopTestViewController.m in Sources */,
				434DAE3F19911F2C00DE5C14 /* TNGestureRecognizerViewController.m in Sources */,
				431F17D21826432A006FCF12 /* main.m in Sources */,
				43081F97196811ED00355FC5 /* TNAnimationTestViewController.m in Sources */,
			);
			runOnlyForDeploymentPostprocessing = 0;
		};
		431F17FB18264507006FCF12 /* Sources */ = {
			isa = PBXSourcesBuildPhase;
			buildActionMask = 2147483647;
			files = (
				43972E131995044C00EDD603 /* TNMultiGestureTestViewController.m in Sources */,
				43E3426E18F436E900463092 /* TNImageTestViewController.m in Sources */,
				4392238C19EFB7DA00C8420A /* TNScrollViewNestingTestViewController.m in Sources */,
				43CAE9E619ADA0F300B0AA8F /* TNScrollViewPagingTestViewController.m in Sources */,
				43DD64BE1990DAEE000884BA /* TNPinchTestViewController.m in Sources */,
				4345708119E6B80B00BF1CA8 /* TNClipsToBoundsTestViewController.m in Sources */,
				43ECCF0B1851B50A0076535C /* TNAppDelegate.m in Sources */,
				43E3428718F573F000463092 /* TNTestViewController.m in Sources */,
				43CAE9F619B01E0200B0AA8F /* TNRGBATestViewController.m in Sources */,
				43081F9C1968129700355FC5 /* TNTableViewTestController.m in Sources */,
				43081F9D196812A000355FC5 /* TNAnimationTestViewController.m in Sources */,
				43A8F08319E01D6D00AF4CAD /* NBSSAnimation.m in Sources */,
				436D4A5A19F241A600F6F8F9 /* TNTouchesCancelTestViewController.m in Sources */,
				43098C7C197ACAE6005A97A1 /* TNCTTestViewController.m in Sources */,
				439A73D818E9195600B1BE40 /* TNButtonTestViewController.m in Sources */,
				43081FA21968130300355FC5 /* TNAlertViewTestViewController.m in Sources */,
				432FF2B218574AD9005486C5 /* TNCustomView.m in Sources */,
				43972E0D19936F6100EDD603 /* TNTapGestureTestViewController.m in Sources */,
				43E7C97D196C40CA0067C3A7 /* TNShapeLayerTestViewController.m in Sources */,
				43DD64B51990BD07000884BA /* TNTouchsTestViewController.m in Sources */,
				4345707919E6857A00BF1CA8 /* TNCGImageResultViewController.m in Sources */,
				4308707119CE89A600DEEAC0 /* TNPanGestureTestViewController.m in Sources */,
				43D475C819C985C500B6E475 /* TNPresentTestViewController.m in Sources */,
				43A8F07B19DEFECA00AF4CAD /* TNNotARCSubclass.m in Sources */,
				43F962F61982599400530F4F /* TNMediaPlayerTestViewController.m in Sources */,
				43A8F0DB19E2451D00AF4CAD /* TNLayerKeyPathTestViewController.m in Sources */,
				43F91D411987E90C009E154D /* TNLayerTestViewController.m in Sources */,
				43EBAA7518AB5573005DDD8D /* TNViewController.m in Sources */,
				43972D7819934A7800EDD603 /* TNTestCase.m in Sources */,
				434DAE4A1991206B00DE5C14 /* TNPinchAndRotationViewController.m in Sources */,
				43E3428318F5730600463092 /* TNScrollTestViewController.m in Sources */,
				43098C311978FC45005A97A1 /* TNPresentedContentViewController.m in Sources */,
				43F91D471987EA33009E154D /* TNLayerTransformTestViewController.m in Sources */,
				43098C80197ACB24005A97A1 /* TNCTView.m in Sources */,
				43E7C98B196E50470067C3A7 /* TNCGTestViewController.m in Sources */,
				43081FA61968170000355FC5 /* TNViewTestViewController.m in Sources */,
				43098C2C1978C21C005A97A1 /* TNVCTestViewController.m in Sources */,
				43A8F07119DEF67500AF4CAD /* NBRadialGradientLayer.m in Sources */,
				43A8F07719DEF6A600AF4CAD /* TNPCTestViewController.m in Sources */,
				434DAE461991203D00DE5C14 /* TNRotationTestViewController.m in Sources */,
				436D4A6119F25E5300F6F8F9 /* TNWebViewTestViewController.m in Sources */,
				43972D7419932A7500EDD603 /* TNRunloopTestViewController.m in Sources */,
				434DAE4019911F2C00DE5C14 /* TNGestureRecognizerViewController.m in Sources */,
				43081F931967F41C00355FC5 /* TNLabelTestViewController.m in Sources */,
				431F17FE18264507006FCF12 /* main.m in Sources */,
			);
			runOnlyForDeploymentPostprocessing = 0;
		};
/* End PBXSourcesBuildPhase section */

/* Begin PBXVariantGroup section */
		431F17CE1826432A006FCF12 /* InfoPlist.strings */ = {
			isa = PBXVariantGroup;
			children = (
				431F17CF1826432A006FCF12 /* en */,
			);
			name = InfoPlist.strings;
			sourceTree = "<group>";
		};
/* End PBXVariantGroup section */

/* Begin XCBuildConfiguration section */
		431F17F21826432A006FCF12 /* Debug */ = {
			isa = XCBuildConfiguration;
			buildSettings = {
				ALWAYS_SEARCH_USER_PATHS = NO;
				ARCHS = "$(ARCHS_STANDARD_INCLUDING_64_BIT)";
				CLANG_CXX_LANGUAGE_STANDARD = "gnu++0x";
				CLANG_CXX_LIBRARY = "libc++";
				CLANG_ENABLE_MODULES = YES;
				CLANG_ENABLE_OBJC_ARC = YES;
				CLANG_WARN_BOOL_CONVERSION = YES;
				CLANG_WARN_CONSTANT_CONVERSION = YES;
				CLANG_WARN_DIRECT_OBJC_ISA_USAGE = YES_ERROR;
				CLANG_WARN_EMPTY_BODY = YES;
				CLANG_WARN_ENUM_CONVERSION = YES;
				CLANG_WARN_INT_CONVERSION = YES;
				CLANG_WARN_OBJC_ROOT_CLASS = YES_ERROR;
				CLANG_WARN__DUPLICATE_METHOD_MATCH = YES;
				"CODE_SIGN_IDENTITY[sdk=iphoneos*]" = "iPhone Developer";
				COPY_PHASE_STRIP = NO;
				GCC_C_LANGUAGE_STANDARD = gnu99;
				GCC_DYNAMIC_NO_PIC = NO;
				GCC_OPTIMIZATION_LEVEL = 0;
				GCC_PREPROCESSOR_DEFINITIONS = (
					"DEBUG=1",
					"$(inherited)",
				);
				GCC_SYMBOLS_PRIVATE_EXTERN = NO;
				GCC_WARN_64_TO_32_BIT_CONVERSION = YES;
				GCC_WARN_ABOUT_RETURN_TYPE = YES_ERROR;
				GCC_WARN_UNDECLARED_SELECTOR = YES;
				GCC_WARN_UNINITIALIZED_AUTOS = YES;
				GCC_WARN_UNUSED_FUNCTION = YES;
				GCC_WARN_UNUSED_VARIABLE = YES;
				IPHONEOS_DEPLOYMENT_TARGET = 7.0;
				ONLY_ACTIVE_ARCH = YES;
				SDKROOT = macosx0.0;
			};
			name = Debug;
		};
		431F17F31826432A006FCF12 /* Release */ = {
			isa = XCBuildConfiguration;
			buildSettings = {
				ALWAYS_SEARCH_USER_PATHS = NO;
				ARCHS = "$(ARCHS_STANDARD_INCLUDING_64_BIT)";
				CLANG_CXX_LANGUAGE_STANDARD = "gnu++0x";
				CLANG_CXX_LIBRARY = "libc++";
				CLANG_ENABLE_MODULES = YES;
				CLANG_ENABLE_OBJC_ARC = YES;
				CLANG_WARN_BOOL_CONVERSION = YES;
				CLANG_WARN_CONSTANT_CONVERSION = YES;
				CLANG_WARN_DIRECT_OBJC_ISA_USAGE = YES_ERROR;
				CLANG_WARN_EMPTY_BODY = YES;
				CLANG_WARN_ENUM_CONVERSION = YES;
				CLANG_WARN_INT_CONVERSION = YES;
				CLANG_WARN_OBJC_ROOT_CLASS = YES_ERROR;
				CLANG_WARN__DUPLICATE_METHOD_MATCH = YES;
				"CODE_SIGN_IDENTITY[sdk=iphoneos*]" = "iPhone Developer";
				COPY_PHASE_STRIP = YES;
				ENABLE_NS_ASSERTIONS = NO;
				GCC_C_LANGUAGE_STANDARD = gnu99;
				GCC_WARN_64_TO_32_BIT_CONVERSION = YES;
				GCC_WARN_ABOUT_RETURN_TYPE = YES_ERROR;
				GCC_WARN_UNDECLARED_SELECTOR = YES;
				GCC_WARN_UNINITIALIZED_AUTOS = YES;
				GCC_WARN_UNUSED_FUNCTION = YES;
				GCC_WARN_UNUSED_VARIABLE = YES;
				IPHONEOS_DEPLOYMENT_TARGET = 7.0;
				SDKROOT = macosx0.0;
				VALIDATE_PRODUCT = YES;
			};
			name = Release;
		};
		431F17F51826432A006FCF12 /* Debug */ = {
			isa = XCBuildConfiguration;
			buildSettings = {
				ASSETCATALOG_COMPILER_LAUNCHIMAGE_NAME = LaunchImage;
				GCC_PRECOMPILE_PREFIX_HEADER = YES;
				GCC_PREFIX_HEADER = "Basic/Basic-Prefix.pch";
				INFOPLIST_FILE = "Basic/Basic-Info.plist";
				IPHONEOS_DEPLOYMENT_TARGET = 7.1;
				PRODUCT_NAME = MiraiTests;
				SDKROOT = iphoneos;
				TARGETED_DEVICE_FAMILY = "1,2";
				WRAPPER_EXTENSION = app;
			};
			name = Debug;
		};
		431F17F61826432A006FCF12 /* Release */ = {
			isa = XCBuildConfiguration;
			buildSettings = {
				ASSETCATALOG_COMPILER_LAUNCHIMAGE_NAME = LaunchImage;
				GCC_PRECOMPILE_PREFIX_HEADER = YES;
				GCC_PREFIX_HEADER = "Basic/Basic-Prefix.pch";
				INFOPLIST_FILE = "Basic/Basic-Info.plist";
				IPHONEOS_DEPLOYMENT_TARGET = 7.1;
				PRODUCT_NAME = MiraiTests;
				SDKROOT = iphoneos;
				TARGETED_DEVICE_FAMILY = "1,2";
				WRAPPER_EXTENSION = app;
			};
			name = Release;
		};
		431F180618264507006FCF12 /* Debug */ = {
			isa = XCBuildConfiguration;
			baseConfigurationReference = 4301394D19225B6300EC5B20 /* Android.xcconfig */;
			buildSettings = {
				ADDITIONAL_SDKS = "";
				CLANG_ENABLE_MODULES = NO;
				CLANG_ENABLE_OBJC_ARC = YES;
				"CODE_SIGN_IDENTITY[sdk=iphoneos*]" = "";
				DEPLOYMENT_LOCATION = YES;
				DSTROOT = /;
				EXECUTABLE_EXTENSION = so;
				EXECUTABLE_PREFIX = lib;
				GCC_PRECOMPILE_PREFIX_HEADER = YES;
				GCC_PREFIX_HEADER = "";
				INFOPLIST_FILE = "Basic-Info.plist";
				INSTALL_PATH = "$(SOURCE_ROOT)/$(PRODUCT_NAME)-android/jni";
				LD_DEPENDENCY_INFO_FILE = "";
				LIBRARY_SEARCH_PATHS = "$(inherited)";
				MACH_O_TYPE = mh_dylib;
				PRODUCT_NAME = MiraiTests;
				SDKROOT = macosx0.0;
				WRAPPER_EXTENSION = app;
			};
			name = Debug;
		};
		431F180718264507006FCF12 /* Release */ = {
			isa = XCBuildConfiguration;
			baseConfigurationReference = 4301394D19225B6300EC5B20 /* Android.xcconfig */;
			buildSettings = {
				ADDITIONAL_SDKS = "";
				CLANG_ENABLE_MODULES = NO;
				CLANG_ENABLE_OBJC_ARC = YES;
				"CODE_SIGN_IDENTITY[sdk=iphoneos*]" = "";
				DEPLOYMENT_LOCATION = YES;
				DSTROOT = /;
				EXECUTABLE_EXTENSION = so;
				EXECUTABLE_PREFIX = lib;
				GCC_PRECOMPILE_PREFIX_HEADER = YES;
				GCC_PREFIX_HEADER = "";
				INFOPLIST_FILE = "Basic-Info.plist";
				INSTALL_PATH = "$(SOURCE_ROOT)/$(PRODUCT_NAME)-android/jni";
				LD_DEPENDENCY_INFO_FILE = "";
				LIBRARY_SEARCH_PATHS = "$(inherited)";
				MACH_O_TYPE = mh_dylib;
				PRODUCT_NAME = MiraiTests;
				SDKROOT = macosx0.0;
				WRAPPER_EXTENSION = app;
			};
			name = Release;
		};
/* End XCBuildConfiguration section */

/* Begin XCConfigurationList section */
		431F17BD1826432A006FCF12 /* Build configuration list for PBXProject "MiraiTests" */ = {
			isa = XCConfigurationList;
			buildConfigurations = (
				431F17F21826432A006FCF12 /* Debug */,
				431F17F31826432A006FCF12 /* Release */,
			);
			defaultConfigurationIsVisible = 0;
			defaultConfigurationName = Release;
		};
		431F17F41826432A006FCF12 /* Build configuration list for PBXNativeTarget "MiraiTests" */ = {
			isa = XCConfigurationList;
			buildConfigurations = (
				431F17F51826432A006FCF12 /* Debug */,
				431F17F61826432A006FCF12 /* Release */,
			);
			defaultConfigurationIsVisible = 0;
			defaultConfigurationName = Release;
		};
		431F180518264507006FCF12 /* Build configuration list for PBXNativeTarget "MiraiTests-Android" */ = {
			isa = XCConfigurationList;
			buildConfigurations = (
				431F180618264507006FCF12 /* Debug */,
				431F180718264507006FCF12 /* Release */,
			);
			defaultConfigurationIsVisible = 0;
			defaultConfigurationName = Release;
		};
/* End XCConfigurationList section */
	};
	rootObject = 431F17BA1826432A006FCF12 /* Project object */;
}
