// !$*UTF8*$!
{
	archiveVersion = 1;
	classes = {
	};
	objectVersion = 46;
	objects = {

/* Begin PBXBuildFile section */
		432FF05F185338BD005486C5 /* UIScreen.h in Headers */ = {isa = PBXBuildFile; fileRef = 432FF05D185338BD005486C5 /* UIScreen.h */; settings = {ATTRIBUTES = (Public, ); }; };
		432FF060185338BD005486C5 /* UIScreen.m in Sources */ = {isa = PBXBuildFile; fileRef = 432FF05E185338BD005486C5 /* UIScreen.m */; };
		432FF0621853463E005486C5 /* UIScreenPrivate.h in Headers */ = {isa = PBXBuildFile; fileRef = 432FF06118534615005486C5 /* UIScreenPrivate.h */; };
		432FF07F1853645D005486C5 /* UIGraphics.h in Headers */ = {isa = PBXBuildFile; fileRef = 432FF07D1853645D005486C5 /* UIGraphics.h */; settings = {ATTRIBUTES = (Public, ); }; };
		432FF0801853645D005486C5 /* UIGraphics.m in Sources */ = {isa = PBXBuildFile; fileRef = 432FF07E1853645D005486C5 /* UIGraphics.m */; };
		432FF08718544D3A005486C5 /* UILabel.h in Headers */ = {isa = PBXBuildFile; fileRef = 432FF08518544D3A005486C5 /* UILabel.h */; settings = {ATTRIBUTES = (Public, ); }; };
		432FF08818544D3A005486C5 /* UILabel.m in Sources */ = {isa = PBXBuildFile; fileRef = 432FF08618544D3A005486C5 /* UILabel.m */; };
		432FF08B18544D7A005486C5 /* UIStringDrawing.h in Headers */ = {isa = PBXBuildFile; fileRef = 432FF08918544D7A005486C5 /* UIStringDrawing.h */; settings = {ATTRIBUTES = (Public, ); }; };
		432FF08C18544D7A005486C5 /* UIStringDrawing.m in Sources */ = {isa = PBXBuildFile; fileRef = 432FF08A18544D7A005486C5 /* UIStringDrawing.m */; };
		432FF08F18544EE4005486C5 /* NSText.h in Headers */ = {isa = PBXBuildFile; fileRef = 432FF08D18544EE4005486C5 /* NSText.h */; settings = {ATTRIBUTES = (Public, ); }; };
		432FF09018544EE4005486C5 /* NSText.m in Sources */ = {isa = PBXBuildFile; fileRef = 432FF08E18544EE4005486C5 /* NSText.m */; };
		432FF093185452EC005486C5 /* NSStringDrawing.h in Headers */ = {isa = PBXBuildFile; fileRef = 432FF091185452EC005486C5 /* NSStringDrawing.h */; settings = {ATTRIBUTES = (Public, ); }; };
		432FF094185452EC005486C5 /* NSStringDrawing.m in Sources */ = {isa = PBXBuildFile; fileRef = 432FF092185452EC005486C5 /* NSStringDrawing.m */; };
		432FF09618548FDA005486C5 /* CoreText.framework in Frameworks */ = {isa = PBXBuildFile; fileRef = 432FF09518548FDA005486C5 /* CoreText.framework */; };
		43718E7718517B7B00850F08 /* InfoPlist.strings in Resources */ = {isa = PBXBuildFile; fileRef = 43718E7518517B7B00850F08 /* InfoPlist.strings */; };
		43718E8218517B7B00850F08 /* XCTest.framework in Frameworks */ = {isa = PBXBuildFile; fileRef = 43718E8118517B7B00850F08 /* XCTest.framework */; };
		43718E8618517B7B00850F08 /* UIKit.framework in Frameworks */ = {isa = PBXBuildFile; fileRef = 43718E6918517B7B00850F08 /* UIKit.framework */; };
		43718E8C18517B7B00850F08 /* InfoPlist.strings in Resources */ = {isa = PBXBuildFile; fileRef = 43718E8A18517B7B00850F08 /* InfoPlist.strings */; };
		43718E8E18517B7B00850F08 /* UIKitTests.m in Sources */ = {isa = PBXBuildFile; fileRef = 43718E8D18517B7B00850F08 /* UIKitTests.m */; };
		43718E9718517C7200850F08 /* Foundation.framework in Frameworks */ = {isa = PBXBuildFile; fileRef = 43718E6F18517B7B00850F08 /* Foundation.framework */; };
		43718E9918517C7A00850F08 /* QuartzCore.framework in Frameworks */ = {isa = PBXBuildFile; fileRef = 43718E9818517C7A00850F08 /* QuartzCore.framework */; };
		43718E9B18517C7F00850F08 /* CoreGraphics.framework in Frameworks */ = {isa = PBXBuildFile; fileRef = 43718E9A18517C7F00850F08 /* CoreGraphics.framework */; };
		43718EA018517F0500850F08 /* UIResponder.h in Headers */ = {isa = PBXBuildFile; fileRef = 43718E9E18517F0500850F08 /* UIResponder.h */; settings = {ATTRIBUTES = (Public, ); }; };
		43718EA118517F0500850F08 /* UIResponder.m in Sources */ = {isa = PBXBuildFile; fileRef = 43718E9F18517F0500850F08 /* UIResponder.m */; };
		43718EA418517FBA00850F08 /* UIApplication.h in Headers */ = {isa = PBXBuildFile; fileRef = 43718EA218517FBA00850F08 /* UIApplication.h */; settings = {ATTRIBUTES = (Public, ); }; };
		43718EA518517FBA00850F08 /* UIApplication.m in Sources */ = {isa = PBXBuildFile; fileRef = 43718EA318517FBA00850F08 /* UIApplication.m */; };
		43718EC018518AB200850F08 /* android_native_app_glue.c in Sources */ = {isa = PBXBuildFile; fileRef = 43718EBE18518AB200850F08 /* android_native_app_glue.c */; };
		43718EC118518AB200850F08 /* android_native_app_glue.h in Headers */ = {isa = PBXBuildFile; fileRef = 43718EBF18518AB200850F08 /* android_native_app_glue.h */; };
		43718EC418518FA800850F08 /* UIKit.h in Headers */ = {isa = PBXBuildFile; fileRef = 43718E7918517B7B00850F08 /* UIKit.h */; settings = {ATTRIBUTES = (Public, ); }; };
		43718EC518518FB400850F08 /* UIKitDefines.h in Headers */ = {isa = PBXBuildFile; fileRef = 43718E9D18517E5B00850F08 /* UIKitDefines.h */; settings = {ATTRIBUTES = (Public, ); }; };
		43846302188B1ED9006DA1AA /* UIColor.h in Headers */ = {isa = PBXBuildFile; fileRef = 43846300188B1ED9006DA1AA /* UIColor.h */; settings = {ATTRIBUTES = (Public, ); }; };
		43846303188B1ED9006DA1AA /* UIColor.m in Sources */ = {isa = PBXBuildFile; fileRef = 43846301188B1ED9006DA1AA /* UIColor.m */; };
		4384630B188B2751006DA1AA /* UIGeometry.h in Headers */ = {isa = PBXBuildFile; fileRef = 43846309188B2751006DA1AA /* UIGeometry.h */; settings = {ATTRIBUTES = (Public, ); }; };
		4384630C188B2751006DA1AA /* UIGeometry.m in Sources */ = {isa = PBXBuildFile; fileRef = 4384630A188B2751006DA1AA /* UIGeometry.m */; };
		4384630F188B2BCD006DA1AA /* UIImage.h in Headers */ = {isa = PBXBuildFile; fileRef = 4384630D188B2BCD006DA1AA /* UIImage.h */; settings = {ATTRIBUTES = (Public, ); }; };
		43846310188B2BCD006DA1AA /* UIImage.m in Sources */ = {isa = PBXBuildFile; fileRef = 4384630E188B2BCD006DA1AA /* UIImage.m */; };
		43846313188B39EE006DA1AA /* UITouch.h in Headers */ = {isa = PBXBuildFile; fileRef = 43846311188B39EE006DA1AA /* UITouch.h */; settings = {ATTRIBUTES = (Public, ); }; };
		43846314188B39EE006DA1AA /* UITouch.m in Sources */ = {isa = PBXBuildFile; fileRef = 43846312188B39EE006DA1AA /* UITouch.m */; };
		43846317188B3B74006DA1AA /* UIEvent.h in Headers */ = {isa = PBXBuildFile; fileRef = 43846315188B3B74006DA1AA /* UIEvent.h */; settings = {ATTRIBUTES = (Public, ); }; };
		43846318188B3B74006DA1AA /* UIEvent.m in Sources */ = {isa = PBXBuildFile; fileRef = 43846316188B3B74006DA1AA /* UIEvent.m */; };
		4384631C188B3D52006DA1AA /* UIControlAction.h in Headers */ = {isa = PBXBuildFile; fileRef = 4384631A188B3D52006DA1AA /* UIControlAction.h */; };
		4384631D188B3D52006DA1AA /* UIControlAction.m in Sources */ = {isa = PBXBuildFile; fileRef = 4384631B188B3D52006DA1AA /* UIControlAction.m */; };
		43846320188B3D5B006DA1AA /* UIControl.h in Headers */ = {isa = PBXBuildFile; fileRef = 4384631E188B3D5B006DA1AA /* UIControl.h */; settings = {ATTRIBUTES = (Public, ); }; };
		43846321188B3D5B006DA1AA /* UIControl.m in Sources */ = {isa = PBXBuildFile; fileRef = 4384631F188B3D5B006DA1AA /* UIControl.m */; };
		43846323188B3D62006DA1AA /* UIControl+UIPrivate.h in Headers */ = {isa = PBXBuildFile; fileRef = 43846322188B3D62006DA1AA /* UIControl+UIPrivate.h */; };
		43846326188B3D7C006DA1AA /* UIAction.h in Headers */ = {isa = PBXBuildFile; fileRef = 43846324188B3D7C006DA1AA /* UIAction.h */; };
		43846327188B3D7C006DA1AA /* UIAction.m in Sources */ = {isa = PBXBuildFile; fileRef = 43846325188B3D7C006DA1AA /* UIAction.m */; };
		4384632F188B4025006DA1AA /* UIImageView.h in Headers */ = {isa = PBXBuildFile; fileRef = 4384632D188B4025006DA1AA /* UIImageView.h */; settings = {ATTRIBUTES = (Public, ); }; };
		43846330188B4025006DA1AA /* UIImageView.m in Sources */ = {isa = PBXBuildFile; fileRef = 4384632E188B4025006DA1AA /* UIImageView.m */; };
		43846332188B4031006DA1AA /* UIImageView+UIPrivate.h in Headers */ = {isa = PBXBuildFile; fileRef = 43846331188B4031006DA1AA /* UIImageView+UIPrivate.h */; };
		43846335188B417F006DA1AA /* UIButton.h in Headers */ = {isa = PBXBuildFile; fileRef = 43846333188B417F006DA1AA /* UIButton.h */; settings = {ATTRIBUTES = (Public, ); }; };
		43846336188B417F006DA1AA /* UIButton.m in Sources */ = {isa = PBXBuildFile; fileRef = 43846334188B417F006DA1AA /* UIButton.m */; };
		43846339188B41D2006DA1AA /* UIRoundedRectButton.h in Headers */ = {isa = PBXBuildFile; fileRef = 43846337188B41D2006DA1AA /* UIRoundedRectButton.h */; };
		4384633A188B41D2006DA1AA /* UIRoundedRectButton.m in Sources */ = {isa = PBXBuildFile; fileRef = 43846338188B41D2006DA1AA /* UIRoundedRectButton.m */; };
		43846340188C540F006DA1AA /* NSParagraphStyle.h in Headers */ = {isa = PBXBuildFile; fileRef = 4384633E188C540F006DA1AA /* NSParagraphStyle.h */; settings = {ATTRIBUTES = (Public, ); }; };
		43846341188C540F006DA1AA /* NSParagraphStyle.m in Sources */ = {isa = PBXBuildFile; fileRef = 4384633F188C540F006DA1AA /* NSParagraphStyle.m */; };
		43846344188C58F9006DA1AA /* UIFont.h in Headers */ = {isa = PBXBuildFile; fileRef = 43846342188C58F9006DA1AA /* UIFont.h */; settings = {ATTRIBUTES = (Public, ); }; };
		43846345188C58F9006DA1AA /* UIFont.m in Sources */ = {isa = PBXBuildFile; fileRef = 43846343188C58F9006DA1AA /* UIFont.m */; };
		43846348188C5977006DA1AA /* UIFontDescriptor.h in Headers */ = {isa = PBXBuildFile; fileRef = 43846346188C5977006DA1AA /* UIFontDescriptor.h */; settings = {ATTRIBUTES = (Public, ); }; };
		43846349188C5977006DA1AA /* UIFontDescriptor.m in Sources */ = {isa = PBXBuildFile; fileRef = 43846347188C5977006DA1AA /* UIFontDescriptor.m */; };
		4384634D188C636C006DA1AA /* UIDevice.h in Headers */ = {isa = PBXBuildFile; fileRef = 4384634B188C636C006DA1AA /* UIDevice.h */; settings = {ATTRIBUTES = (Public, ); }; };
		4384634E188C636C006DA1AA /* UIDevice.m in Sources */ = {isa = PBXBuildFile; fileRef = 4384634C188C636C006DA1AA /* UIDevice.m */; };
		43DFBA511851D89000BA269F /* CoreFoundation.framework in Frameworks */ = {isa = PBXBuildFile; fileRef = 43DFBA501851D89000BA269F /* CoreFoundation.framework */; };
		43ECCF0E1851CA9A0076535C /* UIView.h in Headers */ = {isa = PBXBuildFile; fileRef = 43ECCF0C1851CA9A0076535C /* UIView.h */; settings = {ATTRIBUTES = (Public, ); }; };
		43ECCF0F1851CA9A0076535C /* UIView.m in Sources */ = {isa = PBXBuildFile; fileRef = 43ECCF0D1851CA9A0076535C /* UIView.m */; };
		43ECCF121851CAA80076535C /* UIWindow.h in Headers */ = {isa = PBXBuildFile; fileRef = 43ECCF101851CAA80076535C /* UIWindow.h */; settings = {ATTRIBUTES = (Public, ); }; };
		43ECCF131851CAA80076535C /* UIWindow.m in Sources */ = {isa = PBXBuildFile; fileRef = 43ECCF111851CAA80076535C /* UIWindow.m */; };
/* End PBXBuildFile section */

/* Begin PBXContainerItemProxy section */
		43718E8418517B7B00850F08 /* PBXContainerItemProxy */ = {
			isa = PBXContainerItemProxy;
			containerPortal = 43718E6018517B7B00850F08 /* Project object */;
			proxyType = 1;
			remoteGlobalIDString = 43718E6818517B7B00850F08;
			remoteInfo = UIKit;
		};
/* End PBXContainerItemProxy section */

/* Begin PBXFileReference section */
		432FF05D185338BD005486C5 /* UIScreen.h */ = {isa = PBXFileReference; fileEncoding = 4; lastKnownFileType = sourcecode.c.h; path = UIScreen.h; sourceTree = "<group>"; };
		432FF05E185338BD005486C5 /* UIScreen.m */ = {isa = PBXFileReference; fileEncoding = 4; lastKnownFileType = sourcecode.c.objc; path = UIScreen.m; sourceTree = "<group>"; };
		432FF06118534615005486C5 /* UIScreenPrivate.h */ = {isa = PBXFileReference; lastKnownFileType = sourcecode.c.h; path = UIScreenPrivate.h; sourceTree = "<group>"; };
		432FF07D1853645D005486C5 /* UIGraphics.h */ = {isa = PBXFileReference; fileEncoding = 4; lastKnownFileType = sourcecode.c.h; path = UIGraphics.h; sourceTree = "<group>"; };
		432FF07E1853645D005486C5 /* UIGraphics.m */ = {isa = PBXFileReference; fileEncoding = 4; lastKnownFileType = sourcecode.c.objc; path = UIGraphics.m; sourceTree = "<group>"; };
		432FF08518544D3A005486C5 /* UILabel.h */ = {isa = PBXFileReference; fileEncoding = 4; lastKnownFileType = sourcecode.c.h; path = UILabel.h; sourceTree = "<group>"; };
		432FF08618544D3A005486C5 /* UILabel.m */ = {isa = PBXFileReference; fileEncoding = 4; lastKnownFileType = sourcecode.c.objc; path = UILabel.m; sourceTree = "<group>"; };
		432FF08918544D7A005486C5 /* UIStringDrawing.h */ = {isa = PBXFileReference; fileEncoding = 4; lastKnownFileType = sourcecode.c.h; path = UIStringDrawing.h; sourceTree = "<group>"; };
		432FF08A18544D7A005486C5 /* UIStringDrawing.m */ = {isa = PBXFileReference; fileEncoding = 4; lastKnownFileType = sourcecode.c.objc; path = UIStringDrawing.m; sourceTree = "<group>"; };
		432FF08D18544EE4005486C5 /* NSText.h */ = {isa = PBXFileReference; fileEncoding = 4; lastKnownFileType = sourcecode.c.h; path = NSText.h; sourceTree = "<group>"; };
		432FF08E18544EE4005486C5 /* NSText.m */ = {isa = PBXFileReference; fileEncoding = 4; lastKnownFileType = sourcecode.c.objc; path = NSText.m; sourceTree = "<group>"; };
		432FF091185452EC005486C5 /* NSStringDrawing.h */ = {isa = PBXFileReference; fileEncoding = 4; lastKnownFileType = sourcecode.c.h; path = NSStringDrawing.h; sourceTree = "<group>"; };
		432FF092185452EC005486C5 /* NSStringDrawing.m */ = {isa = PBXFileReference; fileEncoding = 4; lastKnownFileType = sourcecode.c.objc; path = NSStringDrawing.m; sourceTree = "<group>"; };
		432FF09518548FDA005486C5 /* CoreText.framework */ = {isa = PBXFileReference; lastKnownFileType = wrapper.framework; name = CoreText.framework; path = System/Library/Frameworks/CoreText.framework; sourceTree = SDKROOT; };
		43718E6918517B7B00850F08 /* UIKit.framework */ = {isa = PBXFileReference; explicitFileType = wrapper.framework; includeInIndex = 0; path = UIKit.framework; sourceTree = BUILT_PRODUCTS_DIR; };
		43718E6F18517B7B00850F08 /* Foundation.framework */ = {isa = PBXFileReference; lastKnownFileType = wrapper.framework; name = Foundation.framework; path = System/Library/Frameworks/Foundation.framework; sourceTree = SDKROOT; };
		43718E7018517B7B00850F08 /* CoreData.framework */ = {isa = PBXFileReference; lastKnownFileType = wrapper.framework; name = CoreData.framework; path = System/Library/Frameworks/CoreData.framework; sourceTree = SDKROOT; };
		43718E7118517B7B00850F08 /* AppKit.framework */ = {isa = PBXFileReference; lastKnownFileType = wrapper.framework; name = AppKit.framework; path = System/Library/Frameworks/AppKit.framework; sourceTree = SDKROOT; };
		43718E7418517B7B00850F08 /* UIKit-Info.plist */ = {isa = PBXFileReference; lastKnownFileType = text.plist.xml; path = "UIKit-Info.plist"; sourceTree = "<group>"; };
		43718E7618517B7B00850F08 /* en */ = {isa = PBXFileReference; lastKnownFileType = text.plist.strings; name = en; path = en.lproj/InfoPlist.strings; sourceTree = "<group>"; };
		43718E7818517B7B00850F08 /* UIKit-Prefix.pch */ = {isa = PBXFileReference; lastKnownFileType = sourcecode.c.h; path = "UIKit-Prefix.pch"; sourceTree = "<group>"; };
		43718E7918517B7B00850F08 /* UIKit.h */ = {isa = PBXFileReference; lastKnownFileType = sourcecode.c.h; path = UIKit.h; sourceTree = "<group>"; };
		43718E8018517B7B00850F08 /* UIKitTests.xctest */ = {isa = PBXFileReference; explicitFileType = wrapper.cfbundle; includeInIndex = 0; path = UIKitTests.xctest; sourceTree = BUILT_PRODUCTS_DIR; };
		43718E8118517B7B00850F08 /* XCTest.framework */ = {isa = PBXFileReference; lastKnownFileType = wrapper.framework; name = XCTest.framework; path = Library/Frameworks/XCTest.framework; sourceTree = DEVELOPER_DIR; };
		43718E8918517B7B00850F08 /* UIKitTests-Info.plist */ = {isa = PBXFileReference; lastKnownFileType = text.plist.xml; path = "UIKitTests-Info.plist"; sourceTree = "<group>"; };
		43718E8B18517B7B00850F08 /* en */ = {isa = PBXFileReference; lastKnownFileType = text.plist.strings; name = en; path = en.lproj/InfoPlist.strings; sourceTree = "<group>"; };
		43718E8D18517B7B00850F08 /* UIKitTests.m */ = {isa = PBXFileReference; lastKnownFileType = sourcecode.c.objc; path = UIKitTests.m; sourceTree = "<group>"; };
		43718E9818517C7A00850F08 /* QuartzCore.framework */ = {isa = PBXFileReference; lastKnownFileType = wrapper.framework; name = QuartzCore.framework; path = System/Library/Frameworks/QuartzCore.framework; sourceTree = SDKROOT; };
		43718E9A18517C7F00850F08 /* CoreGraphics.framework */ = {isa = PBXFileReference; lastKnownFileType = wrapper.framework; name = CoreGraphics.framework; path = System/Library/Frameworks/CoreGraphics.framework; sourceTree = SDKROOT; };
		43718E9D18517E5B00850F08 /* UIKitDefines.h */ = {isa = PBXFileReference; lastKnownFileType = sourcecode.c.h; path = UIKitDefines.h; sourceTree = "<group>"; };
		43718E9E18517F0500850F08 /* UIResponder.h */ = {isa = PBXFileReference; fileEncoding = 4; lastKnownFileType = sourcecode.c.h; path = UIResponder.h; sourceTree = "<group>"; };
		43718E9F18517F0500850F08 /* UIResponder.m */ = {isa = PBXFileReference; fileEncoding = 4; lastKnownFileType = sourcecode.c.objc; path = UIResponder.m; sourceTree = "<group>"; };
		43718EA218517FBA00850F08 /* UIApplication.h */ = {isa = PBXFileReference; fileEncoding = 4; lastKnownFileType = sourcecode.c.h; path = UIApplication.h; sourceTree = "<group>"; };
		43718EA318517FBA00850F08 /* UIApplication.m */ = {isa = PBXFileReference; fileEncoding = 4; lastKnownFileType = sourcecode.c.objc; path = UIApplication.m; sourceTree = "<group>"; };
		43718EBE18518AB200850F08 /* android_native_app_glue.c */ = {isa = PBXFileReference; fileEncoding = 4; lastKnownFileType = sourcecode.c.c; path = android_native_app_glue.c; sourceTree = "<group>"; };
		43718EBF18518AB200850F08 /* android_native_app_glue.h */ = {isa = PBXFileReference; fileEncoding = 4; lastKnownFileType = sourcecode.c.h; path = android_native_app_glue.h; sourceTree = "<group>"; };
		43718EC318518EE300850F08 /* Android.xcconfig */ = {isa = PBXFileReference; lastKnownFileType = text.xcconfig; name = Android.xcconfig; path = xcconfig/Android.xcconfig; sourceTree = "<group>"; };
		43846300188B1ED9006DA1AA /* UIColor.h */ = {isa = PBXFileReference; fileEncoding = 4; lastKnownFileType = sourcecode.c.h; path = UIColor.h; sourceTree = "<group>"; };
		43846301188B1ED9006DA1AA /* UIColor.m */ = {isa = PBXFileReference; fileEncoding = 4; lastKnownFileType = sourcecode.c.objc; path = UIColor.m; sourceTree = "<group>"; };
		43846309188B2751006DA1AA /* UIGeometry.h */ = {isa = PBXFileReference; fileEncoding = 4; lastKnownFileType = sourcecode.c.h; path = UIGeometry.h; sourceTree = "<group>"; };
		4384630A188B2751006DA1AA /* UIGeometry.m */ = {isa = PBXFileReference; fileEncoding = 4; lastKnownFileType = sourcecode.c.objc; path = UIGeometry.m; sourceTree = "<group>"; };
		4384630D188B2BCD006DA1AA /* UIImage.h */ = {isa = PBXFileReference; fileEncoding = 4; lastKnownFileType = sourcecode.c.h; path = UIImage.h; sourceTree = "<group>"; };
		4384630E188B2BCD006DA1AA /* UIImage.m */ = {isa = PBXFileReference; fileEncoding = 4; lastKnownFileType = sourcecode.c.objc; path = UIImage.m; sourceTree = "<group>"; };
		43846311188B39EE006DA1AA /* UITouch.h */ = {isa = PBXFileReference; fileEncoding = 4; lastKnownFileType = sourcecode.c.h; path = UITouch.h; sourceTree = "<group>"; };
		43846312188B39EE006DA1AA /* UITouch.m */ = {isa = PBXFileReference; fileEncoding = 4; lastKnownFileType = sourcecode.c.objc; path = UITouch.m; sourceTree = "<group>"; };
		43846315188B3B74006DA1AA /* UIEvent.h */ = {isa = PBXFileReference; fileEncoding = 4; lastKnownFileType = sourcecode.c.h; path = UIEvent.h; sourceTree = "<group>"; };
		43846316188B3B74006DA1AA /* UIEvent.m */ = {isa = PBXFileReference; fileEncoding = 4; lastKnownFileType = sourcecode.c.objc; path = UIEvent.m; sourceTree = "<group>"; };
		4384631A188B3D52006DA1AA /* UIControlAction.h */ = {isa = PBXFileReference; fileEncoding = 4; lastKnownFileType = sourcecode.c.h; path = UIControlAction.h; sourceTree = "<group>"; };
		4384631B188B3D52006DA1AA /* UIControlAction.m */ = {isa = PBXFileReference; fileEncoding = 4; lastKnownFileType = sourcecode.c.objc; path = UIControlAction.m; sourceTree = "<group>"; };
		4384631E188B3D5B006DA1AA /* UIControl.h */ = {isa = PBXFileReference; fileEncoding = 4; lastKnownFileType = sourcecode.c.h; path = UIControl.h; sourceTree = "<group>"; };
		4384631F188B3D5B006DA1AA /* UIControl.m */ = {isa = PBXFileReference; fileEncoding = 4; lastKnownFileType = sourcecode.c.objc; path = UIControl.m; sourceTree = "<group>"; };
		43846322188B3D62006DA1AA /* UIControl+UIPrivate.h */ = {isa = PBXFileReference; fileEncoding = 4; lastKnownFileType = sourcecode.c.h; path = "UIControl+UIPrivate.h"; sourceTree = "<group>"; };
		43846324188B3D7C006DA1AA /* UIAction.h */ = {isa = PBXFileReference; fileEncoding = 4; lastKnownFileType = sourcecode.c.h; path = UIAction.h; sourceTree = "<group>"; };
		43846325188B3D7C006DA1AA /* UIAction.m */ = {isa = PBXFileReference; fileEncoding = 4; lastKnownFileType = sourcecode.c.objc; path = UIAction.m; sourceTree = "<group>"; };
		4384632D188B4025006DA1AA /* UIImageView.h */ = {isa = PBXFileReference; fileEncoding = 4; lastKnownFileType = sourcecode.c.h; path = UIImageView.h; sourceTree = "<group>"; };
		4384632E188B4025006DA1AA /* UIImageView.m */ = {isa = PBXFileReference; fileEncoding = 4; lastKnownFileType = sourcecode.c.objc; path = UIImageView.m; sourceTree = "<group>"; };
		43846331188B4031006DA1AA /* UIImageView+UIPrivate.h */ = {isa = PBXFileReference; fileEncoding = 4; lastKnownFileType = sourcecode.c.h; path = "UIImageView+UIPrivate.h"; sourceTree = "<group>"; };
		43846333188B417F006DA1AA /* UIButton.h */ = {isa = PBXFileReference; fileEncoding = 4; lastKnownFileType = sourcecode.c.h; path = UIButton.h; sourceTree = "<group>"; };
		43846334188B417F006DA1AA /* UIButton.m */ = {isa = PBXFileReference; fileEncoding = 4; lastKnownFileType = sourcecode.c.objc; path = UIButton.m; sourceTree = "<group>"; };
		43846337188B41D2006DA1AA /* UIRoundedRectButton.h */ = {isa = PBXFileReference; fileEncoding = 4; lastKnownFileType = sourcecode.c.h; path = UIRoundedRectButton.h; sourceTree = "<group>"; };
		43846338188B41D2006DA1AA /* UIRoundedRectButton.m */ = {isa = PBXFileReference; fileEncoding = 4; lastKnownFileType = sourcecode.c.objc; path = UIRoundedRectButton.m; sourceTree = "<group>"; };
		4384633E188C540F006DA1AA /* NSParagraphStyle.h */ = {isa = PBXFileReference; fileEncoding = 4; lastKnownFileType = sourcecode.c.h; path = NSParagraphStyle.h; sourceTree = "<group>"; };
		4384633F188C540F006DA1AA /* NSParagraphStyle.m */ = {isa = PBXFileReference; fileEncoding = 4; lastKnownFileType = sourcecode.c.objc; path = NSParagraphStyle.m; sourceTree = "<group>"; };
		43846342188C58F9006DA1AA /* UIFont.h */ = {isa = PBXFileReference; fileEncoding = 4; lastKnownFileType = sourcecode.c.h; path = UIFont.h; sourceTree = "<group>"; };
		43846343188C58F9006DA1AA /* UIFont.m */ = {isa = PBXFileReference; fileEncoding = 4; lastKnownFileType = sourcecode.c.objc; path = UIFont.m; sourceTree = "<group>"; };
		43846346188C5977006DA1AA /* UIFontDescriptor.h */ = {isa = PBXFileReference; fileEncoding = 4; lastKnownFileType = sourcecode.c.h; path = UIFontDescriptor.h; sourceTree = "<group>"; };
		43846347188C5977006DA1AA /* UIFontDescriptor.m */ = {isa = PBXFileReference; fileEncoding = 4; lastKnownFileType = sourcecode.c.objc; path = UIFontDescriptor.m; sourceTree = "<group>"; };
		4384634B188C636C006DA1AA /* UIDevice.h */ = {isa = PBXFileReference; fileEncoding = 4; lastKnownFileType = sourcecode.c.h; path = UIDevice.h; sourceTree = "<group>"; };
		4384634C188C636C006DA1AA /* UIDevice.m */ = {isa = PBXFileReference; fileEncoding = 4; lastKnownFileType = sourcecode.c.objc; path = UIDevice.m; sourceTree = "<group>"; };
		43DFBA501851D89000BA269F /* CoreFoundation.framework */ = {isa = PBXFileReference; lastKnownFileType = wrapper.framework; name = CoreFoundation.framework; path = System/Library/Frameworks/CoreFoundation.framework; sourceTree = SDKROOT; };
		43ECCF0C1851CA9A0076535C /* UIView.h */ = {isa = PBXFileReference; fileEncoding = 4; lastKnownFileType = sourcecode.c.h; path = UIView.h; sourceTree = "<group>"; };
		43ECCF0D1851CA9A0076535C /* UIView.m */ = {isa = PBXFileReference; fileEncoding = 4; lastKnownFileType = sourcecode.c.objc; path = UIView.m; sourceTree = "<group>"; };
		43ECCF101851CAA80076535C /* UIWindow.h */ = {isa = PBXFileReference; fileEncoding = 4; lastKnownFileType = sourcecode.c.h; path = UIWindow.h; sourceTree = "<group>"; };
		43ECCF111851CAA80076535C /* UIWindow.m */ = {isa = PBXFileReference; fileEncoding = 4; lastKnownFileType = sourcecode.c.objc; path = UIWindow.m; sourceTree = "<group>"; };
/* End PBXFileReference section */

/* Begin PBXFrameworksBuildPhase section */
		43718E6518517B7B00850F08 /* Frameworks */ = {
			isa = PBXFrameworksBuildPhase;
			buildActionMask = 2147483647;
			files = (
				432FF09618548FDA005486C5 /* CoreText.framework in Frameworks */,
				43DFBA511851D89000BA269F /* CoreFoundation.framework in Frameworks */,
				43718E9B18517C7F00850F08 /* CoreGraphics.framework in Frameworks */,
				43718E9918517C7A00850F08 /* QuartzCore.framework in Frameworks */,
				43718E9718517C7200850F08 /* Foundation.framework in Frameworks */,
			);
			runOnlyForDeploymentPostprocessing = 0;
		};
		43718E7D18517B7B00850F08 /* Frameworks */ = {
			isa = PBXFrameworksBuildPhase;
			buildActionMask = 2147483647;
			files = (
				43718E8618517B7B00850F08 /* UIKit.framework in Frameworks */,
				43718E8218517B7B00850F08 /* XCTest.framework in Frameworks */,
			);
			runOnlyForDeploymentPostprocessing = 0;
		};
/* End PBXFrameworksBuildPhase section */

/* Begin PBXGroup section */
		43718E5F18517B7B00850F08 = {
			isa = PBXGroup;
			children = (
				43718EC218518EB600850F08 /* xcconfig */,
				43718E7218517B7B00850F08 /* UIKit */,
				43718E8718517B7B00850F08 /* UIKitTests */,
				43718E6B18517B7B00850F08 /* Frameworks */,
				43718E6A18517B7B00850F08 /* Products */,
			);
			sourceTree = "<group>";
		};
		43718E6A18517B7B00850F08 /* Products */ = {
			isa = PBXGroup;
			children = (
				43718E6918517B7B00850F08 /* UIKit.framework */,
				43718E8018517B7B00850F08 /* UIKitTests.xctest */,
			);
			name = Products;
			sourceTree = "<group>";
		};
		43718E6B18517B7B00850F08 /* Frameworks */ = {
			isa = PBXGroup;
			children = (
				432FF09518548FDA005486C5 /* CoreText.framework */,
				43DFBA501851D89000BA269F /* CoreFoundation.framework */,
				43718E9A18517C7F00850F08 /* CoreGraphics.framework */,
				43718E9818517C7A00850F08 /* QuartzCore.framework */,
				43718E8118517B7B00850F08 /* XCTest.framework */,
				43718E6E18517B7B00850F08 /* Other Frameworks */,
			);
			name = Frameworks;
			sourceTree = "<group>";
		};
		43718E6E18517B7B00850F08 /* Other Frameworks */ = {
			isa = PBXGroup;
			children = (
				43718E6F18517B7B00850F08 /* Foundation.framework */,
				43718E7018517B7B00850F08 /* CoreData.framework */,
				43718E7118517B7B00850F08 /* AppKit.framework */,
			);
			name = "Other Frameworks";
			sourceTree = "<group>";
		};
		43718E7218517B7B00850F08 /* UIKit */ = {
			isa = PBXGroup;
			children = (
				43718E7918517B7B00850F08 /* UIKit.h */,
				43846304188B26A4006DA1AA /* Event */,
				438462F9188B1E04006DA1AA /* Types */,
				43718E9C18517E3400850F08 /* Public Headers */,
				4384632C188B3F7A006DA1AA /* View */,
				43718E9E18517F0500850F08 /* UIResponder.h */,
				43718E9F18517F0500850F08 /* UIResponder.m */,
				4384634B188C636C006DA1AA /* UIDevice.h */,
				4384634C188C636C006DA1AA /* UIDevice.m */,
				43718EA218517FBA00850F08 /* UIApplication.h */,
				43718EA318517FBA00850F08 /* UIApplication.m */,
				432FF05D185338BD005486C5 /* UIScreen.h */,
				432FF06118534615005486C5 /* UIScreenPrivate.h */,
				432FF05E185338BD005486C5 /* UIScreen.m */,
				432FF07D1853645D005486C5 /* UIGraphics.h */,
				432FF07E1853645D005486C5 /* UIGraphics.m */,
				432FF08918544D7A005486C5 /* UIStringDrawing.h */,
				432FF08A18544D7A005486C5 /* UIStringDrawing.m */,
				432FF091185452EC005486C5 /* NSStringDrawing.h */,
				432FF092185452EC005486C5 /* NSStringDrawing.m */,
				432FF08D18544EE4005486C5 /* NSText.h */,
				432FF08E18544EE4005486C5 /* NSText.m */,
				43846319188B3D3A006DA1AA /* Private Classes */,
				43718E7318517B7B00850F08 /* Supporting Files */,
			);
			path = UIKit;
			sourceTree = "<group>";
		};
		43718E7318517B7B00850F08 /* Supporting Files */ = {
			isa = PBXGroup;
			children = (
				43718EBF18518AB200850F08 /* android_native_app_glue.h */,
				43718EBE18518AB200850F08 /* android_native_app_glue.c */,
				43718E7418517B7B00850F08 /* UIKit-Info.plist */,
				43718E7518517B7B00850F08 /* InfoPlist.strings */,
				43718E7818517B7B00850F08 /* UIKit-Prefix.pch */,
			);
			name = "Supporting Files";
			sourceTree = "<group>";
		};
		43718E8718517B7B00850F08 /* UIKitTests */ = {
			isa = PBXGroup;
			children = (
				43718E8D18517B7B00850F08 /* UIKitTests.m */,
				43718E8818517B7B00850F08 /* Supporting Files */,
			);
			path = UIKitTests;
			sourceTree = "<group>";
		};
		43718E8818517B7B00850F08 /* Supporting Files */ = {
			isa = PBXGroup;
			children = (
				43718E8918517B7B00850F08 /* UIKitTests-Info.plist */,
				43718E8A18517B7B00850F08 /* InfoPlist.strings */,
			);
			name = "Supporting Files";
			sourceTree = "<group>";
		};
		43718E9C18517E3400850F08 /* Public Headers */ = {
			isa = PBXGroup;
			children = (
				43718E9D18517E5B00850F08 /* UIKitDefines.h */,
			);
			name = "Public Headers";
			sourceTree = "<group>";
		};
		43718EC218518EB600850F08 /* xcconfig */ = {
			isa = PBXGroup;
			children = (
				43718EC318518EE300850F08 /* Android.xcconfig */,
			);
			name = xcconfig;
			sourceTree = "<group>";
		};
		438462F9188B1E04006DA1AA /* Types */ = {
			isa = PBXGroup;
			children = (
				43846300188B1ED9006DA1AA /* UIColor.h */,
				43846301188B1ED9006DA1AA /* UIColor.m */,
				43846342188C58F9006DA1AA /* UIFont.h */,
				43846343188C58F9006DA1AA /* UIFont.m */,
				43846346188C5977006DA1AA /* UIFontDescriptor.h */,
				43846347188C5977006DA1AA /* UIFontDescriptor.m */,
				43846309188B2751006DA1AA /* UIGeometry.h */,
				4384630A188B2751006DA1AA /* UIGeometry.m */,
				4384630D188B2BCD006DA1AA /* UIImage.h */,
				4384630E188B2BCD006DA1AA /* UIImage.m */,
				4384633E188C540F006DA1AA /* NSParagraphStyle.h */,
				4384633F188C540F006DA1AA /* NSParagraphStyle.m */,
			);
			name = Types;
			sourceTree = "<group>";
		};
		43846304188B26A4006DA1AA /* Event */ = {
			isa = PBXGroup;
			children = (
				43846311188B39EE006DA1AA /* UITouch.h */,
				43846312188B39EE006DA1AA /* UITouch.m */,
				43846315188B3B74006DA1AA /* UIEvent.h */,
				43846316188B3B74006DA1AA /* UIEvent.m */,
			);
			name = Event;
			sourceTree = "<group>";
		};
		43846319188B3D3A006DA1AA /* Private Classes */ = {
			isa = PBXGroup;
			children = (
				43846337188B41D2006DA1AA /* UIRoundedRectButton.h */,
				43846338188B41D2006DA1AA /* UIRoundedRectButton.m */,
				43846331188B4031006DA1AA /* UIImageView+UIPrivate.h */,
				43846322188B3D62006DA1AA /* UIControl+UIPrivate.h */,
				4384631A188B3D52006DA1AA /* UIControlAction.h */,
				4384631B188B3D52006DA1AA /* UIControlAction.m */,
				43846324188B3D7C006DA1AA /* UIAction.h */,
				43846325188B3D7C006DA1AA /* UIAction.m */,
			);
			name = "Private Classes";
			sourceTree = "<group>";
		};
		4384632C188B3F7A006DA1AA /* View */ = {
			isa = PBXGroup;
			children = (
				43ECCF0C1851CA9A0076535C /* UIView.h */,
				43ECCF0D1851CA9A0076535C /* UIView.m */,
				432FF08518544D3A005486C5 /* UILabel.h */,
				432FF08618544D3A005486C5 /* UILabel.m */,
				4384631E188B3D5B006DA1AA /* UIControl.h */,
				4384631F188B3D5B006DA1AA /* UIControl.m */,
				43ECCF101851CAA80076535C /* UIWindow.h */,
				43ECCF111851CAA80076535C /* UIWindow.m */,
				4384632D188B4025006DA1AA /* UIImageView.h */,
				4384632E188B4025006DA1AA /* UIImageView.m */,
				43846333188B417F006DA1AA /* UIButton.h */,
				43846334188B417F006DA1AA /* UIButton.m */,
			);
			name = View;
			sourceTree = "<group>";
		};
/* End PBXGroup section */

/* Begin PBXHeadersBuildPhase section */
		43718E6618517B7B00850F08 /* Headers */ = {
			isa = PBXHeadersBuildPhase;
			buildActionMask = 2147483647;
			files = (
				43718EC418518FA800850F08 /* UIKit.h in Headers */,
				43ECCF121851CAA80076535C /* UIWindow.h in Headers */,
				432FF08718544D3A005486C5 /* UILabel.h in Headers */,
				432FF08F18544EE4005486C5 /* NSText.h in Headers */,
				4384631C188B3D52006DA1AA /* UIControlAction.h in Headers */,
				432FF08B18544D7A005486C5 /* UIStringDrawing.h in Headers */,
				43718EC518518FB400850F08 /* UIKitDefines.h in Headers */,
				43846302188B1ED9006DA1AA /* UIColor.h in Headers */,
				43846326188B3D7C006DA1AA /* UIAction.h in Headers */,
				43ECCF0E1851CA9A0076535C /* UIView.h in Headers */,
				432FF07F1853645D005486C5 /* UIGraphics.h in Headers */,
				4384630B188B2751006DA1AA /* UIGeometry.h in Headers */,
				43846323188B3D62006DA1AA /* UIControl+UIPrivate.h in Headers */,
				432FF093185452EC005486C5 /* NSStringDrawing.h in Headers */,
				43846344188C58F9006DA1AA /* UIFont.h in Headers */,
				43846335188B417F006DA1AA /* UIButton.h in Headers */,
				4384630F188B2BCD006DA1AA /* UIImage.h in Headers */,
				43846348188C5977006DA1AA /* UIFontDescriptor.h in Headers */,
				43846340188C540F006DA1AA /* NSParagraphStyle.h in Headers */,
				4384634D188C636C006DA1AA /* UIDevice.h in Headers */,
				43846332188B4031006DA1AA /* UIImageView+UIPrivate.h in Headers */,
				4384632F188B4025006DA1AA /* UIImageView.h in Headers */,
				43846339188B41D2006DA1AA /* UIRoundedRectButton.h in Headers */,
				43846320188B3D5B006DA1AA /* UIControl.h in Headers */,
				43718EA018517F0500850F08 /* UIResponder.h in Headers */,
				43846313188B39EE006DA1AA /* UITouch.h in Headers */,
				43846317188B3B74006DA1AA /* UIEvent.h in Headers */,
				432FF05F185338BD005486C5 /* UIScreen.h in Headers */,
				43718EA418517FBA00850F08 /* UIApplication.h in Headers */,
				43718EC118518AB200850F08 /* android_native_app_glue.h in Headers */,
				432FF0621853463E005486C5 /* UIScreenPrivate.h in Headers */,
			);
			runOnlyForDeploymentPostprocessing = 0;
		};
/* End PBXHeadersBuildPhase section */

/* Begin PBXNativeTarget section */
		43718E6818517B7B00850F08 /* UIKit */ = {
			isa = PBXNativeTarget;
			buildConfigurationList = 43718E9118517B7B00850F08 /* Build configuration list for PBXNativeTarget "UIKit" */;
			buildPhases = (
				43718E6418517B7B00850F08 /* Sources */,
				43718E6518517B7B00850F08 /* Frameworks */,
				43718E6618517B7B00850F08 /* Headers */,
				43718E6718517B7B00850F08 /* Resources */,
				43718EC61851918700850F08 /* ShellScript */,
			);
			buildRules = (
			);
			dependencies = (
			);
			name = UIKit;
			productName = UIKit;
			productReference = 43718E6918517B7B00850F08 /* UIKit.framework */;
			productType = "com.apple.product-type.framework";
		};
		43718E7F18517B7B00850F08 /* UIKitTests */ = {
			isa = PBXNativeTarget;
			buildConfigurationList = 43718E9418517B7B00850F08 /* Build configuration list for PBXNativeTarget "UIKitTests" */;
			buildPhases = (
				43718E7C18517B7B00850F08 /* Sources */,
				43718E7D18517B7B00850F08 /* Frameworks */,
				43718E7E18517B7B00850F08 /* Resources */,
			);
			buildRules = (
			);
			dependencies = (
				43718E8518517B7B00850F08 /* PBXTargetDependency */,
			);
			name = UIKitTests;
			productName = UIKitTests;
			productReference = 43718E8018517B7B00850F08 /* UIKitTests.xctest */;
			productType = "com.apple.product-type.bundle.unit-test";
		};
/* End PBXNativeTarget section */

/* Begin PBXProject section */
		43718E6018517B7B00850F08 /* Project object */ = {
			isa = PBXProject;
			attributes = {
				LastUpgradeCheck = 0500;
				ORGANIZATIONNAME = "Shanghai Tinynetwork Inc.";
				TargetAttributes = {
					43718E7F18517B7B00850F08 = {
						TestTargetID = 43718E6818517B7B00850F08;
					};
				};
			};
			buildConfigurationList = 43718E6318517B7B00850F08 /* Build configuration list for PBXProject "UIKit" */;
			compatibilityVersion = "Xcode 3.2";
			developmentRegion = English;
			hasScannedForEncodings = 0;
			knownRegions = (
				en,
			);
			mainGroup = 43718E5F18517B7B00850F08;
			productRefGroup = 43718E6A18517B7B00850F08 /* Products */;
			projectDirPath = "";
			projectRoot = "";
			targets = (
				43718E6818517B7B00850F08 /* UIKit */,
				43718E7F18517B7B00850F08 /* UIKitTests */,
			);
		};
/* End PBXProject section */

/* Begin PBXResourcesBuildPhase section */
		43718E6718517B7B00850F08 /* Resources */ = {
			isa = PBXResourcesBuildPhase;
			buildActionMask = 2147483647;
			files = (
				43718E7718517B7B00850F08 /* InfoPlist.strings in Resources */,
			);
			runOnlyForDeploymentPostprocessing = 0;
		};
		43718E7E18517B7B00850F08 /* Resources */ = {
			isa = PBXResourcesBuildPhase;
			buildActionMask = 2147483647;
			files = (
				43718E8C18517B7B00850F08 /* InfoPlist.strings in Resources */,
			);
			runOnlyForDeploymentPostprocessing = 0;
		};
/* End PBXResourcesBuildPhase section */

/* Begin PBXShellScriptBuildPhase section */
		43718EC61851918700850F08 /* ShellScript */ = {
			isa = PBXShellScriptBuildPhase;
			buildActionMask = 2147483647;
			files = (
			);
			inputPaths = (
			);
			outputPaths = (
			);
			runOnlyForDeploymentPostprocessing = 0;
			shellPath = /bin/sh;
			shellScript = "pushd $INSTALL_PATH\nFRAMEWORK_PATH=`pwd`/UIKit.framework\npushd ../../../usr/include\nln -sf $FRAMEWORK_PATH/Headers UIKit\npushd ../lib\nln -sf $FRAMEWORK_PATH/Versions/A/UIKit libUIKit.so\n";
		};
/* End PBXShellScriptBuildPhase section */

/* Begin PBXSourcesBuildPhase section */
		43718E6418517B7B00850F08 /* Sources */ = {
			isa = PBXSourcesBuildPhase;
			buildActionMask = 2147483647;
			files = (
				43846330188B4025006DA1AA /* UIImageView.m in Sources */,
				43846327188B3D7C006DA1AA /* UIAction.m in Sources */,
				43846341188C540F006DA1AA /* NSParagraphStyle.m in Sources */,
				43846349188C5977006DA1AA /* UIFontDescriptor.m in Sources */,
				43ECCF0F1851CA9A0076535C /* UIView.m in Sources */,
				4384634E188C636C006DA1AA /* UIDevice.m in Sources */,
				43846321188B3D5B006DA1AA /* UIControl.m in Sources */,
				432FF0801853645D005486C5 /* UIGraphics.m in Sources */,
				43846314188B39EE006DA1AA /* UITouch.m in Sources */,
				432FF08C18544D7A005486C5 /* UIStringDrawing.m in Sources */,
				43846345188C58F9006DA1AA /* UIFont.m in Sources */,
				43846318188B3B74006DA1AA /* UIEvent.m in Sources */,
				432FF08818544D3A005486C5 /* UILabel.m in Sources */,
				43846303188B1ED9006DA1AA /* UIColor.m in Sources */,
				43ECCF131851CAA80076535C /* UIWindow.m in Sources */,
				43718EA518517FBA00850F08 /* UIApplication.m in Sources */,
				43718EA118517F0500850F08 /* UIResponder.m in Sources */,
				43718EC018518AB200850F08 /* android_native_app_glue.c in Sources */,
				432FF060185338BD005486C5 /* UIScreen.m in Sources */,
				432FF09018544EE4005486C5 /* NSText.m in Sources */,
				4384631D188B3D52006DA1AA /* UIControlAction.m in Sources */,
				432FF094185452EC005486C5 /* NSStringDrawing.m in Sources */,
				43846336188B417F006DA1AA /* UIButton.m in Sources */,
				4384630C188B2751006DA1AA /* UIGeometry.m in Sources */,
				43846310188B2BCD006DA1AA /* UIImage.m in Sources */,
				4384633A188B41D2006DA1AA /* UIRoundedRectButton.m in Sources */,
			);
			runOnlyForDeploymentPostprocessing = 0;
		};
		43718E7C18517B7B00850F08 /* Sources */ = {
			isa = PBXSourcesBuildPhase;
			buildActionMask = 2147483647;
			files = (
				43718E8E18517B7B00850F08 /* UIKitTests.m in Sources */,
			);
			runOnlyForDeploymentPostprocessing = 0;
		};
/* End PBXSourcesBuildPhase section */

/* Begin PBXTargetDependency section */
		43718E8518517B7B00850F08 /* PBXTargetDependency */ = {
			isa = PBXTargetDependency;
			target = 43718E6818517B7B00850F08 /* UIKit */;
			targetProxy = 43718E8418517B7B00850F08 /* PBXContainerItemProxy */;
		};
/* End PBXTargetDependency section */

/* Begin PBXVariantGroup section */
		43718E7518517B7B00850F08 /* InfoPlist.strings */ = {
			isa = PBXVariantGroup;
			children = (
				43718E7618517B7B00850F08 /* en */,
			);
			name = InfoPlist.strings;
			sourceTree = "<group>";
		};
		43718E8A18517B7B00850F08 /* InfoPlist.strings */ = {
			isa = PBXVariantGroup;
			children = (
				43718E8B18517B7B00850F08 /* en */,
			);
			name = InfoPlist.strings;
			sourceTree = "<group>";
		};
/* End PBXVariantGroup section */

/* Begin XCBuildConfiguration section */
		43718E8F18517B7B00850F08 /* Debug */ = {
			isa = XCBuildConfiguration;
			buildSettings = {
				ALWAYS_SEARCH_USER_PATHS = NO;
				CLANG_CXX_LANGUAGE_STANDARD = "gnu++0x";
				CLANG_CXX_LIBRARY = "libc++";
				CLANG_ENABLE_OBJC_ARC = YES;
				CLANG_WARN_BOOL_CONVERSION = YES;
				CLANG_WARN_CONSTANT_CONVERSION = YES;
				CLANG_WARN_DIRECT_OBJC_ISA_USAGE = YES_ERROR;
				CLANG_WARN_EMPTY_BODY = YES;
				CLANG_WARN_ENUM_CONVERSION = YES;
				CLANG_WARN_INT_CONVERSION = YES;
				CLANG_WARN_OBJC_ROOT_CLASS = YES_ERROR;
				CLANG_WARN__DUPLICATE_METHOD_MATCH = YES;
				COPY_PHASE_STRIP = NO;
				GCC_C_LANGUAGE_STANDARD = gnu99;
				GCC_DYNAMIC_NO_PIC = NO;
				GCC_ENABLE_OBJC_EXCEPTIONS = YES;
				GCC_OPTIMIZATION_LEVEL = 0;
				GCC_PREPROCESSOR_DEFINITIONS = (
					"DEBUG=1",
					"$(inherited)",
				);
				GCC_SYMBOLS_PRIVATE_EXTERN = NO;
				GCC_WARN_64_TO_32_BIT_CONVERSION = YES;
				GCC_WARN_ABOUT_RETURN_TYPE = YES_ERROR;
				GCC_WARN_UNDECLARED_SELECTOR = YES;
				GCC_WARN_UNINITIALIZED_AUTOS = YES;
				GCC_WARN_UNUSED_FUNCTION = YES;
				GCC_WARN_UNUSED_VARIABLE = YES;
				MACOSX_DEPLOYMENT_TARGET = "";
				ONLY_ACTIVE_ARCH = YES;
				SDKROOT = macosx0.0;
			};
			name = Debug;
		};
		43718E9018517B7B00850F08 /* Release */ = {
			isa = XCBuildConfiguration;
			buildSettings = {
				ALWAYS_SEARCH_USER_PATHS = NO;
				CLANG_CXX_LANGUAGE_STANDARD = "gnu++0x";
				CLANG_CXX_LIBRARY = "libc++";
				CLANG_ENABLE_OBJC_ARC = YES;
				CLANG_WARN_BOOL_CONVERSION = YES;
				CLANG_WARN_CONSTANT_CONVERSION = YES;
				CLANG_WARN_DIRECT_OBJC_ISA_USAGE = YES_ERROR;
				CLANG_WARN_EMPTY_BODY = YES;
				CLANG_WARN_ENUM_CONVERSION = YES;
				CLANG_WARN_INT_CONVERSION = YES;
				CLANG_WARN_OBJC_ROOT_CLASS = YES_ERROR;
				CLANG_WARN__DUPLICATE_METHOD_MATCH = YES;
				COPY_PHASE_STRIP = YES;
				DEBUG_INFORMATION_FORMAT = "dwarf-with-dsym";
				ENABLE_NS_ASSERTIONS = NO;
				GCC_C_LANGUAGE_STANDARD = gnu99;
				GCC_ENABLE_OBJC_EXCEPTIONS = YES;
				GCC_WARN_64_TO_32_BIT_CONVERSION = YES;
				GCC_WARN_ABOUT_RETURN_TYPE = YES_ERROR;
				GCC_WARN_UNDECLARED_SELECTOR = YES;
				GCC_WARN_UNINITIALIZED_AUTOS = YES;
				GCC_WARN_UNUSED_FUNCTION = YES;
				GCC_WARN_UNUSED_VARIABLE = YES;
				MACOSX_DEPLOYMENT_TARGET = "";
				SDKROOT = macosx0.0;
			};
			name = Release;
		};
		43718E9218517B7B00850F08 /* Debug */ = {
			isa = XCBuildConfiguration;
			baseConfigurationReference = 43718EC318518EE300850F08 /* Android.xcconfig */;
			buildSettings = {
				COMBINE_HIDPI_IMAGES = NO;
				DYLIB_COMPATIBILITY_VERSION = 1;
				DYLIB_CURRENT_VERSION = 1;
				FRAMEWORK_VERSION = A;
				GCC_PRECOMPILE_PREFIX_HEADER = YES;
				GCC_PREFIX_HEADER = "UIKit/UIKit-Prefix.pch";
				INFOPLIST_FILE = "UIKit/UIKit-Info.plist";
				LD_DEPENDENCY_INFO_FILE = "";
				OTHER_CFLAGS = (
					"-fobjc-nonfragile-abi",
					"-fblocks",
				);
				PRODUCT_NAME = "$(TARGET_NAME)";
				WRAPPER_EXTENSION = framework;
			};
			name = Debug;
		};
		43718E9318517B7B00850F08 /* Release */ = {
			isa = XCBuildConfiguration;
			baseConfigurationReference = 43718EC318518EE300850F08 /* Android.xcconfig */;
			buildSettings = {
				COMBINE_HIDPI_IMAGES = NO;
				DYLIB_COMPATIBILITY_VERSION = 1;
				DYLIB_CURRENT_VERSION = 1;
				FRAMEWORK_VERSION = A;
				GCC_PRECOMPILE_PREFIX_HEADER = YES;
				GCC_PREFIX_HEADER = "UIKit/UIKit-Prefix.pch";
				INFOPLIST_FILE = "UIKit/UIKit-Info.plist";
				LD_DEPENDENCY_INFO_FILE = "";
				OTHER_CFLAGS = (
					"-fobjc-nonfragile-abi",
					"-fblocks",
				);
				PRODUCT_NAME = "$(TARGET_NAME)";
				WRAPPER_EXTENSION = framework;
			};
			name = Release;
		};
		43718E9518517B7B00850F08 /* Debug */ = {
			isa = XCBuildConfiguration;
			buildSettings = {
				BUNDLE_LOADER = "$(BUILT_PRODUCTS_DIR)/UIKit.framework/Versions/A/UIKit";
				COMBINE_HIDPI_IMAGES = YES;
				FRAMEWORK_SEARCH_PATHS = (
					"$(DEVELOPER_FRAMEWORKS_DIR)",
					"$(inherited)",
				);
				GCC_PRECOMPILE_PREFIX_HEADER = YES;
				GCC_PREFIX_HEADER = "UIKit/UIKit-Prefix.pch";
				GCC_PREPROCESSOR_DEFINITIONS = (
					"DEBUG=1",
					"$(inherited)",
				);
				INFOPLIST_FILE = "UIKitTests/UIKitTests-Info.plist";
				PRODUCT_NAME = "$(TARGET_NAME)";
				TEST_HOST = "$(BUNDLE_LOADER)";
				WRAPPER_EXTENSION = xctest;
			};
			name = Debug;
		};
		43718E9618517B7B00850F08 /* Release */ = {
			isa = XCBuildConfiguration;
			buildSettings = {
				BUNDLE_LOADER = "$(BUILT_PRODUCTS_DIR)/UIKit.framework/Versions/A/UIKit";
				COMBINE_HIDPI_IMAGES = YES;
				FRAMEWORK_SEARCH_PATHS = (
					"$(DEVELOPER_FRAMEWORKS_DIR)",
					"$(inherited)",
				);
				GCC_PRECOMPILE_PREFIX_HEADER = YES;
				GCC_PREFIX_HEADER = "UIKit/UIKit-Prefix.pch";
				INFOPLIST_FILE = "UIKitTests/UIKitTests-Info.plist";
				PRODUCT_NAME = "$(TARGET_NAME)";
				TEST_HOST = "$(BUNDLE_LOADER)";
				WRAPPER_EXTENSION = xctest;
			};
			name = Release;
		};
/* End XCBuildConfiguration section */

/* Begin XCConfigurationList section */
		43718E6318517B7B00850F08 /* Build configuration list for PBXProject "UIKit" */ = {
			isa = XCConfigurationList;
			buildConfigurations = (
				43718E8F18517B7B00850F08 /* Debug */,
				43718E9018517B7B00850F08 /* Release */,
			);
			defaultConfigurationIsVisible = 0;
			defaultConfigurationName = Release;
		};
		43718E9118517B7B00850F08 /* Build configuration list for PBXNativeTarget "UIKit" */ = {
			isa = XCConfigurationList;
			buildConfigurations = (
				43718E9218517B7B00850F08 /* Debug */,
				43718E9318517B7B00850F08 /* Release */,
			);
			defaultConfigurationIsVisible = 0;
			defaultConfigurationName = Release;
		};
		43718E9418517B7B00850F08 /* Build configuration list for PBXNativeTarget "UIKitTests" */ = {
			isa = XCConfigurationList;
			buildConfigurations = (
				43718E9518517B7B00850F08 /* Debug */,
				43718E9618517B7B00850F08 /* Release */,
			);
			defaultConfigurationIsVisible = 0;
			defaultConfigurationName = Release;
		};
/* End XCConfigurationList section */
	};
	rootObject = 43718E6018517B7B00850F08 /* Project object */;
}
